// !$*UTF8*$!
{
	archiveVersion = 1;
	classes = {
	};
	objectVersion = 51;
	objects = {

/* Begin PBXBuildFile section */
		76743E43566ADBC9820A7F30 /* Pods_PurdueHCRUITests.framework in Frameworks */ = {isa = PBXBuildFile; fileRef = AC9352CC1FB986152D577038 /* Pods_PurdueHCRUITests.framework */; };
		AA7A7F8B251182FA002BD54B /* EventTableViewHeaderFooterView.swift in Sources */ = {isa = PBXBuildFile; fileRef = AA7A7F8A251182FA002BD54B /* EventTableViewHeaderFooterView.swift */; };
		AAAAC631251EDF0300C0E2C8 /* EventHostTableViewController.swift in Sources */ = {isa = PBXBuildFile; fileRef = AAAAC630251EDF0300C0E2C8 /* EventHostTableViewController.swift */; };
		AAF279F42555DA7600D7028D /* Events.storyboard in Resources */ = {isa = PBXBuildFile; fileRef = AAF279F32555DA7600D7028D /* Events.storyboard */; };
		AAF279FE2556360200D7028D /* SelectFloorsTableViewController.swift in Sources */ = {isa = PBXBuildFile; fileRef = AAF279FD2556360200D7028D /* SelectFloorsTableViewController.swift */; };
		AAF27A042556392900D7028D /* SelectedFloorsTableViewCell.swift in Sources */ = {isa = PBXBuildFile; fileRef = AAF27A032556392900D7028D /* SelectedFloorsTableViewCell.swift */; };
		B50E6C9022F10E0B00505AA3 /* MessageView.xib in Resources */ = {isa = PBXBuildFile; fileRef = B50E6C8F22F10E0B00505AA3 /* MessageView.xib */; };
		B50E6C9222F1202A00505AA3 /* MessageView.swift in Sources */ = {isa = PBXBuildFile; fileRef = B50E6C9122F1202A00505AA3 /* MessageView.swift */; };
		B52B713D2252F02600C46C11 /* UITestRECSystemPreferences.swift in Sources */ = {isa = PBXBuildFile; fileRef = B52B713C2252F02600C46C11 /* UITestRECSystemPreferences.swift */; };
		B52FD0CB22B849AC009682CB /* UserPointsTableViewController.swift in Sources */ = {isa = PBXBuildFile; fileRef = B52FD0CA22B849AC009682CB /* UserPointsTableViewController.swift */; };
		B53685D422DFD73700A0D0B5 /* HouseCodeViewController.swift in Sources */ = {isa = PBXBuildFile; fileRef = B53685D322DFD73700A0D0B5 /* HouseCodeViewController.swift */; };
		B53A88C525A0F938009A0983 /* MachineInfo.xib in Resources */ = {isa = PBXBuildFile; fileRef = B53A88C425A0F938009A0983 /* MachineInfo.xib */; };
		B53A88CA25A0F985009A0983 /* MachineInfoView.swift in Sources */ = {isa = PBXBuildFile; fileRef = B53A88C925A0F985009A0983 /* MachineInfoView.swift */; };
		B551BDD321B1004F00CF4F6C /* Register in Resources */ = {isa = PBXBuildFile; fileRef = B551BDD221B1004F00CF4F6C /* Register */; };
		B5539818255B5CF5006FD21B /* GoogleService-Info.plist in Resources */ = {isa = PBXBuildFile; fileRef = B5539817255B5CF5006FD21B /* GoogleService-Info.plist */; };
		B55449592176F11300A914C2 /* TextFieldMaxLengths.swift in Sources */ = {isa = PBXBuildFile; fileRef = B55449582176F11300A914C2 /* TextFieldMaxLengths.swift */; };
		B56508BE22E3BBDB00AF7C97 /* SplashScreenViewController.swift in Sources */ = {isa = PBXBuildFile; fileRef = B56508BD22E3BBDB00AF7C97 /* SplashScreenViewController.swift */; };
		B57D553B23E2322400495F19 /* Pods_PurdueHCR.framework in Frameworks */ = {isa = PBXBuildFile; fileRef = 172F6609F4B14DA0FA8D754A /* Pods_PurdueHCR.framework */; };
		B57FC19223E3924700DC22B2 /* TopScorersView.xib in Resources */ = {isa = PBXBuildFile; fileRef = B57FC19123E3924700DC22B2 /* TopScorersView.xib */; };
		B599D98222F62F030033173C /* NotificationsViewController.swift in Sources */ = {isa = PBXBuildFile; fileRef = B599D98122F62F030033173C /* NotificationsViewController.swift */; };
		B5AE2D4723DCA07100B2323C /* FirebaseListener.swift in Sources */ = {isa = PBXBuildFile; fileRef = B5AE2D4623DCA07100B2323C /* FirebaseListener.swift */; };
		B5AE2D4923DCA34F00B2323C /* FirebaseCollectionListener.swift in Sources */ = {isa = PBXBuildFile; fileRef = B5AE2D4823DCA34F00B2323C /* FirebaseCollectionListener.swift */; };
		B5AE2D4B23DCA35D00B2323C /* FirebaseDocumentListener.swift in Sources */ = {isa = PBXBuildFile; fileRef = B5AE2D4A23DCA35D00B2323C /* FirebaseDocumentListener.swift */; };
		B5AE2D4D23DCA68C00B2323C /* FirebaseListenerUtil.swift in Sources */ = {isa = PBXBuildFile; fileRef = B5AE2D4C23DCA68C00B2323C /* FirebaseListenerUtil.swift */; };
		B5AF7C0825893C99004967E3 /* LaundryViewController.swift in Sources */ = {isa = PBXBuildFile; fileRef = B553981B255B6213006FD21B /* LaundryViewController.swift */; };
		B5B7E98723D8CF5C00CE1866 /* HousePointsHistoryViewController.swift in Sources */ = {isa = PBXBuildFile; fileRef = B5B7E98623D8CF5C00CE1866 /* HousePointsHistoryViewController.swift */; };
		B5BD40B723C6847200E8D48F /* RECPointDescriptionView.xib in Resources */ = {isa = PBXBuildFile; fileRef = B5BD40B623C6847200E8D48F /* RECPointDescriptionView.xib */; };
		B5D6AF5524FAE20500CC5E86 /* LogoutView.xib in Resources */ = {isa = PBXBuildFile; fileRef = B5D6AF5424FAE20500CC5E86 /* LogoutView.xib */; };
		B5D6AF5724FAE89B00CC5E86 /* LogoutView.swift in Sources */ = {isa = PBXBuildFile; fileRef = B5D6AF5624FAE89B00CC5E86 /* LogoutView.swift */; };
		B5D88D5723C39688007A19D0 /* TopScorersView.swift in Sources */ = {isa = PBXBuildFile; fileRef = B5D88D5623C39688007A19D0 /* TopScorersView.swift */; };
		B5DB27E725E88EC100BB72C0 /* GoogleService-Info.plist in Resources */ = {isa = PBXBuildFile; fileRef = B5DB27E625E88EC100BB72C0 /* GoogleService-Info.plist */; };
		B5ED711224A7D7C400080A52 /* Event.swift in Sources */ = {isa = PBXBuildFile; fileRef = B5ED710C24A7D7C400080A52 /* Event.swift */; };
		B5ED711324A7D7C400080A52 /* EventViewController.swift in Sources */ = {isa = PBXBuildFile; fileRef = B5ED710D24A7D7C400080A52 /* EventViewController.swift */; };
		B5ED711424A7D7C400080A52 /* EventTableViewCell.swift in Sources */ = {isa = PBXBuildFile; fileRef = B5ED710E24A7D7C400080A52 /* EventTableViewCell.swift */; };
		B5ED711524A7D7C400080A52 /* CreateEventTableViewController.swift in Sources */ = {isa = PBXBuildFile; fileRef = B5ED710F24A7D7C400080A52 /* CreateEventTableViewController.swift */; };
		B5ED711624A7D7C400080A52 /* VerifyViewController.swift in Sources */ = {isa = PBXBuildFile; fileRef = B5ED711024A7D7C400080A52 /* VerifyViewController.swift */; };
		B5ED711724A7D7C400080A52 /* AddEventBarButton.swift in Sources */ = {isa = PBXBuildFile; fileRef = B5ED711124A7D7C400080A52 /* AddEventBarButton.swift */; };
		B5ED711924A7E73200080A52 /* ViewEventTableViewController.swift in Sources */ = {isa = PBXBuildFile; fileRef = B5ED711824A7E73200080A52 /* ViewEventTableViewController.swift */; };
		D30FBEDF20FBCCA3000DD221 /* RHPApprovalTableViewController.swift in Sources */ = {isa = PBXBuildFile; fileRef = D30FBEDE20FBCCA3000DD221 /* RHPApprovalTableViewController.swift */; };
		D30FBEEF20FC0B13000DD221 /* ProfileView.swift in Sources */ = {isa = PBXBuildFile; fileRef = D30FBEEE20FC0B13000DD221 /* ProfileView.swift */; };
		D30FBEF120FC0B24000DD221 /* ProfileView.xib in Resources */ = {isa = PBXBuildFile; fileRef = D30FBEF020FC0B24000DD221 /* ProfileView.xib */; };
		D30FBEF3210380F3000DD221 /* PointLogOverviewController.swift in Sources */ = {isa = PBXBuildFile; fileRef = D30FBEF2210380F3000DD221 /* PointLogOverviewController.swift */; };
		D30FC90220DF35D800201E74 /* AppDelegate.swift in Sources */ = {isa = PBXBuildFile; fileRef = D30FC90120DF35D800201E74 /* AppDelegate.swift */; };
		D30FC90420DF35D800201E74 /* PointOptionViewController.swift in Sources */ = {isa = PBXBuildFile; fileRef = D30FC90320DF35D800201E74 /* PointOptionViewController.swift */; };
		D30FC90620DF35D800201E74 /* HouseProfileViewController.swift in Sources */ = {isa = PBXBuildFile; fileRef = D30FC90520DF35D800201E74 /* HouseProfileViewController.swift */; };
		D30FC90920DF35D800201E74 /* Main.storyboard in Resources */ = {isa = PBXBuildFile; fileRef = D30FC90720DF35D800201E74 /* Main.storyboard */; };
		D30FC90B20DF35D900201E74 /* Assets.xcassets in Resources */ = {isa = PBXBuildFile; fileRef = D30FC90A20DF35D900201E74 /* Assets.xcassets */; };
		D3355C8D214A253D0037556C /* PointSubmission.storyboard in Resources */ = {isa = PBXBuildFile; fileRef = D3355C8C214A253D0037556C /* PointSubmission.storyboard */; };
		D3355C8F214A25B10037556C /* Profile.storyboard in Resources */ = {isa = PBXBuildFile; fileRef = D3355C8E214A25B10037556C /* Profile.storyboard */; };
		D3355C93214A267E0037556C /* PointApproval.storyboard in Resources */ = {isa = PBXBuildFile; fileRef = D3355C92214A267E0037556C /* PointApproval.storyboard */; };
		D3355C95214A26EC0037556C /* QRCode.storyboard in Resources */ = {isa = PBXBuildFile; fileRef = D3355C94214A26EC0037556C /* QRCode.storyboard */; };
		D33F43AA2106982100D3982D /* AnimatedLoadingViewController.swift in Sources */ = {isa = PBXBuildFile; fileRef = D33F43A92106982100D3982D /* AnimatedLoadingViewController.swift */; };
		D33F43AD2108362D00D3982D /* LaunchScreen.storyboard in Resources */ = {isa = PBXBuildFile; fileRef = D33F43AC2108362D00D3982D /* LaunchScreen.storyboard */; };
		D33F43AF210A9FB100D3982D /* PointDescriptionView.xib in Resources */ = {isa = PBXBuildFile; fileRef = D33F43AE210A9FB100D3982D /* PointDescriptionView.xib */; };
		D33F43B1210AA00700D3982D /* PointDescriptionView.swift in Sources */ = {isa = PBXBuildFile; fileRef = D33F43B0210AA00700D3982D /* PointDescriptionView.swift */; };
		D345C96B20F3CC1B00ACDF39 /* FirebaseHelper.swift in Sources */ = {isa = PBXBuildFile; fileRef = D345C96A20F3CC1B00ACDF39 /* FirebaseHelper.swift */; };
		D37E1D9C20FAAD8E00C1B05E /* SignUpViewController.swift in Sources */ = {isa = PBXBuildFile; fileRef = D37E1D9B20FAAD8E00C1B05E /* SignUpViewController.swift */; };
		D3912A6A219CE77B0002E7C7 /* HouseTableViewController.swift in Sources */ = {isa = PBXBuildFile; fileRef = D3912A65219CE77A0002E7C7 /* HouseTableViewController.swift */; };
		D3912A6B219CE77B0002E7C7 /* SubmitGrantedAwardViewController.swift in Sources */ = {isa = PBXBuildFile; fileRef = D3912A66219CE77A0002E7C7 /* SubmitGrantedAwardViewController.swift */; };
		D3912A6D219CE77B0002E7C7 /* HouseCompetitionOverviewTableViewController.swift in Sources */ = {isa = PBXBuildFile; fileRef = D3912A68219CE77A0002E7C7 /* HouseCompetitionOverviewTableViewController.swift */; };
		D3912A6E219CE77B0002E7C7 /* RECHouse.storyboard in Resources */ = {isa = PBXBuildFile; fileRef = D3912A69219CE77A0002E7C7 /* RECHouse.storyboard */; };
		D3912A73219CE7960002E7C7 /* RECPointCreationTableViewController.swift in Sources */ = {isa = PBXBuildFile; fileRef = D3912A70219CE7960002E7C7 /* RECPointCreationTableViewController.swift */; };
		D3912A74219CE7960002E7C7 /* RECPointOptionTableViewController.swift in Sources */ = {isa = PBXBuildFile; fileRef = D3912A71219CE7960002E7C7 /* RECPointOptionTableViewController.swift */; };
		D3912A75219CE7960002E7C7 /* RECPointOptions.storyboard in Resources */ = {isa = PBXBuildFile; fileRef = D3912A72219CE7960002E7C7 /* RECPointOptions.storyboard */; };
		D3912A7A219CE7A90002E7C7 /* RECRewardCreationTableViewController.swift in Sources */ = {isa = PBXBuildFile; fileRef = D3912A77219CE7A90002E7C7 /* RECRewardCreationTableViewController.swift */; };
		D3912A7B219CE7A90002E7C7 /* RECRewardsTableViewController.swift in Sources */ = {isa = PBXBuildFile; fileRef = D3912A78219CE7A90002E7C7 /* RECRewardsTableViewController.swift */; };
		D3912A7C219CE7A90002E7C7 /* RECRewards.storyboard in Resources */ = {isa = PBXBuildFile; fileRef = D3912A79219CE7A90002E7C7 /* RECRewards.storyboard */; };
		D39D442B210E52690030F424 /* QRCodeGeneratorViewController.swift in Sources */ = {isa = PBXBuildFile; fileRef = D39D442A210E52690030F424 /* QRCodeGeneratorViewController.swift */; };
		D39D442D210E5CEB0030F424 /* LinkCodeViewController.swift in Sources */ = {isa = PBXBuildFile; fileRef = D39D442C210E5CEB0030F424 /* LinkCodeViewController.swift */; };
		D39D4435210E748A0030F424 /* LinkCodesTableViewController.swift in Sources */ = {isa = PBXBuildFile; fileRef = D39D4434210E748A0030F424 /* LinkCodesTableViewController.swift */; };
		D3BC48BB210E9B0900D46088 /* HousePointsView.xib in Resources */ = {isa = PBXBuildFile; fileRef = D3BC48BA210E9B0900D46088 /* HousePointsView.xib */; };
		D3BCD383224BE5120041AB2D /* UITestPageBase.swift in Sources */ = {isa = PBXBuildFile; fileRef = D3BCD382224BE5120041AB2D /* UITestPageBase.swift */; };
		D3BCD385224BE5760041AB2D /* UITestBase.swift in Sources */ = {isa = PBXBuildFile; fileRef = D3BCD384224BE5760041AB2D /* UITestBase.swift */; };
		D3BCD387224C28910041AB2D /* UITestSignInPage.swift in Sources */ = {isa = PBXBuildFile; fileRef = D3BCD386224C28910041AB2D /* UITestSignInPage.swift */; };
		D3BCD38B224C2C900041AB2D /* UITestProfilePage.swift in Sources */ = {isa = PBXBuildFile; fileRef = D3BCD38A224C2C900041AB2D /* UITestProfilePage.swift */; };
		D3BCD38D224C65050041AB2D /* UITestSignUpPage.swift in Sources */ = {isa = PBXBuildFile; fileRef = D3BCD38C224C65050041AB2D /* UITestSignUpPage.swift */; };
		D3BCD38F224C65330041AB2D /* UITestForgotPasswordPage.swift in Sources */ = {isa = PBXBuildFile; fileRef = D3BCD38E224C65330041AB2D /* UITestForgotPasswordPage.swift */; };
		D3BCD391224C6F0C0041AB2D /* UITestHouseOverviewPage.swift in Sources */ = {isa = PBXBuildFile; fileRef = D3BCD390224C6F0C0041AB2D /* UITestHouseOverviewPage.swift */; };
		D3BCD393224C7A910041AB2D /* UITestRHPProfilePage.swift in Sources */ = {isa = PBXBuildFile; fileRef = D3BCD392224C7A910041AB2D /* UITestRHPProfilePage.swift */; };
		D3BCD395224C97E00041AB2D /* UITestSubmitPointsTablePage.swift in Sources */ = {isa = PBXBuildFile; fileRef = D3BCD394224C97E00041AB2D /* UITestSubmitPointsTablePage.swift */; };
		D3BCD397224C984E0041AB2D /* UITestRHPApprovalPage.swift in Sources */ = {isa = PBXBuildFile; fileRef = D3BCD396224C984E0041AB2D /* UITestRHPApprovalPage.swift */; };
		D3BCD399224C98680041AB2D /* UITestRHPQRPage.swift in Sources */ = {isa = PBXBuildFile; fileRef = D3BCD398224C98680041AB2D /* UITestRHPQRPage.swift */; };
		D3BCD39B224CA0AD0041AB2D /* UITestRHPSubmitPointsTablePage.swift in Sources */ = {isa = PBXBuildFile; fileRef = D3BCD39A224CA0AD0041AB2D /* UITestRHPSubmitPointsTablePage.swift */; };
		D3CC77C52103D65A00B88F03 /* HousePointsView.swift in Sources */ = {isa = PBXBuildFile; fileRef = D3CC77C42103D65A00B88F03 /* HousePointsView.swift */; };
		D3CC77C72103EFAF00B88F03 /* HousePointsCompareView.xib in Resources */ = {isa = PBXBuildFile; fileRef = D3CC77C62103EFAF00B88F03 /* HousePointsCompareView.xib */; };
		D3CC77C92103EFED00B88F03 /* HousePointsCompareView.swift in Sources */ = {isa = PBXBuildFile; fileRef = D3CC77C82103EFED00B88F03 /* HousePointsCompareView.swift */; };
		D3CC77CB210428B600B88F03 /* TabBarController.swift in Sources */ = {isa = PBXBuildFile; fileRef = D3CC77CA210428B600B88F03 /* TabBarController.swift */; };
		D3CC77CE21052CEF00B88F03 /* AppUtils.swift in Sources */ = {isa = PBXBuildFile; fileRef = D3CC77CD21052CEF00B88F03 /* AppUtils.swift */; };
		D3CF6BD4224FE88100D97A0F /* UITestPointSubmissionPage.swift in Sources */ = {isa = PBXBuildFile; fileRef = D3CF6BD3224FE88100D97A0F /* UITestPointSubmissionPage.swift */; };
		D3CF6BDA224FEF1B00D97A0F /* UITestRHPPointSubmissionPage.swift in Sources */ = {isa = PBXBuildFile; fileRef = D3CF6BD9224FEF1B00D97A0F /* UITestRHPPointSubmissionPage.swift */; };
		D3CF6BDC224FF3EC00D97A0F /* UITestPointSubmission.swift in Sources */ = {isa = PBXBuildFile; fileRef = D3CF6BDB224FF3EC00D97A0F /* UITestPointSubmission.swift */; };
		D3CF6BDE2250264D00D97A0F /* UITestRHPHistoryPage.swift in Sources */ = {isa = PBXBuildFile; fileRef = D3CF6BDD2250264D00D97A0F /* UITestRHPHistoryPage.swift */; };
		D3CF6BE22250867E00D97A0F /* UITestQRCode.swift in Sources */ = {isa = PBXBuildFile; fileRef = D3CF6BE12250867E00D97A0F /* UITestQRCode.swift */; };
		D3D062B720E7F73C00E8B3A3 /* DataManager.swift in Sources */ = {isa = PBXBuildFile; fileRef = D3D062B620E7F73C00E8B3A3 /* DataManager.swift */; };
		D3D062B920E7F75B00E8B3A3 /* Data.swift in Sources */ = {isa = PBXBuildFile; fileRef = D3D062B820E7F75B00E8B3A3 /* Data.swift */; };
		D3D062BD20E816AB00E8B3A3 /* User.swift in Sources */ = {isa = PBXBuildFile; fileRef = D3D062BC20E816AB00E8B3A3 /* User.swift */; };
		D3D062C320E8219C00E8B3A3 /* LogInViewController.swift in Sources */ = {isa = PBXBuildFile; fileRef = D3D062C220E8219C00E8B3A3 /* LogInViewController.swift */; };
		D3D062C520E822BA00E8B3A3 /* LoginStoryboard.storyboard in Resources */ = {isa = PBXBuildFile; fileRef = D3D062C420E822BA00E8B3A3 /* LoginStoryboard.storyboard */; };
		D3D062C720E82A6500E8B3A3 /* TypeSubmitViewController.swift in Sources */ = {isa = PBXBuildFile; fileRef = D3D062C620E82A6500E8B3A3 /* TypeSubmitViewController.swift */; };
		D749F3782339A24B00410434 /* SuggestedPointsView.swift in Sources */ = {isa = PBXBuildFile; fileRef = D749F3772339A24B00410434 /* SuggestedPointsView.swift */; };
/* End PBXBuildFile section */

/* Begin PBXContainerItemProxy section */
		D36DFEC0220F2EF40062184C /* PBXContainerItemProxy */ = {
			isa = PBXContainerItemProxy;
			containerPortal = D30FC8F620DF35D700201E74 /* Project object */;
			proxyType = 1;
			remoteGlobalIDString = D30FC8FD20DF35D800201E74;
			remoteInfo = PurdueHCR;
		};
/* End PBXContainerItemProxy section */

/* Begin PBXFileReference section */
		172F6609F4B14DA0FA8D754A /* Pods_PurdueHCR.framework */ = {isa = PBXFileReference; explicitFileType = wrapper.framework; includeInIndex = 0; path = Pods_PurdueHCR.framework; sourceTree = BUILT_PRODUCTS_DIR; };
		2F1172101702388B6147D7A8 /* Pods-PurdueHCRUITests.release.xcconfig */ = {isa = PBXFileReference; includeInIndex = 1; lastKnownFileType = text.xcconfig; name = "Pods-PurdueHCRUITests.release.xcconfig"; path = "Pods/Target Support Files/Pods-PurdueHCRUITests/Pods-PurdueHCRUITests.release.xcconfig"; sourceTree = "<group>"; };
		39366264BA748CDB712098B6 /* Pods-PurdueHCRUITests.debug.xcconfig */ = {isa = PBXFileReference; includeInIndex = 1; lastKnownFileType = text.xcconfig; name = "Pods-PurdueHCRUITests.debug.xcconfig"; path = "Pods/Target Support Files/Pods-PurdueHCRUITests/Pods-PurdueHCRUITests.debug.xcconfig"; sourceTree = "<group>"; };
		AA7A7F8825115CA5002BD54B /* GoogleService-Info.plist */ = {isa = PBXFileReference; lastKnownFileType = text.plist; path = "GoogleService-Info.plist"; sourceTree = SOURCE_ROOT; };
		AA7A7F8A251182FA002BD54B /* EventTableViewHeaderFooterView.swift */ = {isa = PBXFileReference; lastKnownFileType = sourcecode.swift; path = EventTableViewHeaderFooterView.swift; sourceTree = "<group>"; };
		AAAAC630251EDF0300C0E2C8 /* EventHostTableViewController.swift */ = {isa = PBXFileReference; lastKnownFileType = sourcecode.swift; path = EventHostTableViewController.swift; sourceTree = "<group>"; };
		AAF279F32555DA7600D7028D /* Events.storyboard */ = {isa = PBXFileReference; fileEncoding = 4; lastKnownFileType = file.storyboard; path = Events.storyboard; sourceTree = "<group>"; };
		AAF279FD2556360200D7028D /* SelectFloorsTableViewController.swift */ = {isa = PBXFileReference; lastKnownFileType = sourcecode.swift; name = SelectFloorsTableViewController.swift; path = PurdueHCR/Storyboards/SelectFloorsTableViewController.swift; sourceTree = SOURCE_ROOT; };
		AAF27A032556392900D7028D /* SelectedFloorsTableViewCell.swift */ = {isa = PBXFileReference; lastKnownFileType = sourcecode.swift; name = SelectedFloorsTableViewCell.swift; path = PurdueHCR/Storyboards/SelectedFloorsTableViewCell.swift; sourceTree = SOURCE_ROOT; };
		AC46DC5DEBA94D842B2EC887 /* Pods-PurdueHCR.release.xcconfig */ = {isa = PBXFileReference; includeInIndex = 1; lastKnownFileType = text.xcconfig; name = "Pods-PurdueHCR.release.xcconfig"; path = "Pods/Target Support Files/Pods-PurdueHCR/Pods-PurdueHCR.release.xcconfig"; sourceTree = "<group>"; };
		AC9352CC1FB986152D577038 /* Pods_PurdueHCRUITests.framework */ = {isa = PBXFileReference; explicitFileType = wrapper.framework; includeInIndex = 0; path = Pods_PurdueHCRUITests.framework; sourceTree = BUILT_PRODUCTS_DIR; };
		B50E6C8F22F10E0B00505AA3 /* MessageView.xib */ = {isa = PBXFileReference; lastKnownFileType = file.xib; path = MessageView.xib; sourceTree = "<group>"; };
		B50E6C9122F1202A00505AA3 /* MessageView.swift */ = {isa = PBXFileReference; lastKnownFileType = sourcecode.swift; path = MessageView.swift; sourceTree = "<group>"; };
		B51BDD7524DF8759003EA6AE /* PurdueHCRDebug.entitlements */ = {isa = PBXFileReference; lastKnownFileType = text.plist.entitlements; path = PurdueHCRDebug.entitlements; sourceTree = "<group>"; };
		B52B713C2252F02600C46C11 /* UITestRECSystemPreferences.swift */ = {isa = PBXFileReference; lastKnownFileType = sourcecode.swift; path = UITestRECSystemPreferences.swift; sourceTree = "<group>"; };
		B52FD0CA22B849AC009682CB /* UserPointsTableViewController.swift */ = {isa = PBXFileReference; lastKnownFileType = sourcecode.swift; path = UserPointsTableViewController.swift; sourceTree = "<group>"; };
		B532665B24F454E1005ABEEC /* PurdueHCRRelease.entitlements */ = {isa = PBXFileReference; fileEncoding = 4; lastKnownFileType = text.plist.entitlements; path = PurdueHCRRelease.entitlements; sourceTree = "<group>"; };
		B532665C24F456F2005ABEEC /* PurdueHCR.entitlements */ = {isa = PBXFileReference; lastKnownFileType = text.plist.entitlements; path = PurdueHCR.entitlements; sourceTree = "<group>"; };
		B53685D322DFD73700A0D0B5 /* HouseCodeViewController.swift */ = {isa = PBXFileReference; lastKnownFileType = sourcecode.swift; path = HouseCodeViewController.swift; sourceTree = "<group>"; };
		B53A88C425A0F938009A0983 /* MachineInfo.xib */ = {isa = PBXFileReference; lastKnownFileType = file.xib; path = MachineInfo.xib; sourceTree = "<group>"; };
		B53A88C925A0F985009A0983 /* MachineInfoView.swift */ = {isa = PBXFileReference; lastKnownFileType = sourcecode.swift; path = MachineInfoView.swift; sourceTree = "<group>"; };
		B551BDD221B1004F00CF4F6C /* Register */ = {isa = PBXFileReference; lastKnownFileType = folder; path = Register; sourceTree = "<group>"; };
		B5539817255B5CF5006FD21B /* GoogleService-Info.plist */ = {isa = PBXFileReference; lastKnownFileType = text.plist; path = "GoogleService-Info.plist"; sourceTree = SOURCE_ROOT; };
		B553981B255B6213006FD21B /* LaundryViewController.swift */ = {isa = PBXFileReference; lastKnownFileType = sourcecode.swift; path = LaundryViewController.swift; sourceTree = "<group>"; };
		B55449582176F11300A914C2 /* TextFieldMaxLengths.swift */ = {isa = PBXFileReference; lastKnownFileType = sourcecode.swift; path = TextFieldMaxLengths.swift; sourceTree = "<group>"; };
		B555F30A2552298B002D1151 /* LaundryMachine.xib */ = {isa = PBXFileReference; lastKnownFileType = file.xib; path = LaundryMachine.xib; sourceTree = "<group>"; };
		B555F30E255229F1002D1151 /* LaundryMachineView.swift */ = {isa = PBXFileReference; lastKnownFileType = sourcecode.swift; path = LaundryMachineView.swift; sourceTree = "<group>"; };
		B55B2F46253F9BD500A91173 /* GoogleService-Info.plist */ = {isa = PBXFileReference; fileEncoding = 4; lastKnownFileType = text.plist.xml; name = "GoogleService-Info.plist"; path = "../../GoogleService-Info.plist"; sourceTree = "<group>"; };
		B56508BD22E3BBDB00AF7C97 /* SplashScreenViewController.swift */ = {isa = PBXFileReference; fileEncoding = 4; lastKnownFileType = sourcecode.swift; path = SplashScreenViewController.swift; sourceTree = "<group>"; };
		B57FC19123E3924700DC22B2 /* TopScorersView.xib */ = {isa = PBXFileReference; lastKnownFileType = file.xib; path = TopScorersView.xib; sourceTree = "<group>"; };
		B599D98122F62F030033173C /* NotificationsViewController.swift */ = {isa = PBXFileReference; lastKnownFileType = sourcecode.swift; path = NotificationsViewController.swift; sourceTree = "<group>"; };
		B5AE2D4623DCA07100B2323C /* FirebaseListener.swift */ = {isa = PBXFileReference; lastKnownFileType = sourcecode.swift; path = FirebaseListener.swift; sourceTree = "<group>"; };
		B5AE2D4823DCA34F00B2323C /* FirebaseCollectionListener.swift */ = {isa = PBXFileReference; lastKnownFileType = sourcecode.swift; path = FirebaseCollectionListener.swift; sourceTree = "<group>"; };
		B5AE2D4A23DCA35D00B2323C /* FirebaseDocumentListener.swift */ = {isa = PBXFileReference; lastKnownFileType = sourcecode.swift; path = FirebaseDocumentListener.swift; sourceTree = "<group>"; };
		B5AE2D4C23DCA68C00B2323C /* FirebaseListenerUtil.swift */ = {isa = PBXFileReference; lastKnownFileType = sourcecode.swift; path = FirebaseListenerUtil.swift; sourceTree = "<group>"; };
		B5B7E98623D8CF5C00CE1866 /* HousePointsHistoryViewController.swift */ = {isa = PBXFileReference; fileEncoding = 4; lastKnownFileType = sourcecode.swift; name = HousePointsHistoryViewController.swift; path = PurdueHCR/ViewControllers/ProfileViewControllers/HousePointsHistoryViewController.swift; sourceTree = SOURCE_ROOT; };
		B5BD40B623C6847200E8D48F /* RECPointDescriptionView.xib */ = {isa = PBXFileReference; lastKnownFileType = file.xib; path = RECPointDescriptionView.xib; sourceTree = "<group>"; };
		B5D6AF5424FAE20500CC5E86 /* LogoutView.xib */ = {isa = PBXFileReference; lastKnownFileType = file.xib; path = LogoutView.xib; sourceTree = "<group>"; };
		B5D6AF5624FAE89B00CC5E86 /* LogoutView.swift */ = {isa = PBXFileReference; lastKnownFileType = sourcecode.swift; path = LogoutView.swift; sourceTree = "<group>"; };
		B5D88D5623C39688007A19D0 /* TopScorersView.swift */ = {isa = PBXFileReference; lastKnownFileType = sourcecode.swift; path = TopScorersView.swift; sourceTree = "<group>"; };
		B5D88D5823C51E69007A19D0 /* GoogleService-Info.plist */ = {isa = PBXFileReference; fileEncoding = 4; lastKnownFileType = text.plist.xml; name = "GoogleService-Info.plist"; path = "../../GoogleService-Info.plist"; sourceTree = "<group>"; };
		B5DB27E625E88EC100BB72C0 /* GoogleService-Info.plist */ = {isa = PBXFileReference; fileEncoding = 4; lastKnownFileType = text.plist.xml; name = "GoogleService-Info.plist"; path = "../../GoogleService-Info.plist"; sourceTree = "<group>"; };
		B5ED710C24A7D7C400080A52 /* Event.swift */ = {isa = PBXFileReference; fileEncoding = 4; lastKnownFileType = sourcecode.swift; path = Event.swift; sourceTree = "<group>"; };
		B5ED710D24A7D7C400080A52 /* EventViewController.swift */ = {isa = PBXFileReference; fileEncoding = 4; lastKnownFileType = sourcecode.swift; path = EventViewController.swift; sourceTree = "<group>"; };
		B5ED710E24A7D7C400080A52 /* EventTableViewCell.swift */ = {isa = PBXFileReference; fileEncoding = 4; lastKnownFileType = sourcecode.swift; path = EventTableViewCell.swift; sourceTree = "<group>"; };
		B5ED710F24A7D7C400080A52 /* CreateEventTableViewController.swift */ = {isa = PBXFileReference; fileEncoding = 4; lastKnownFileType = sourcecode.swift; path = CreateEventTableViewController.swift; sourceTree = "<group>"; };
		B5ED711024A7D7C400080A52 /* VerifyViewController.swift */ = {isa = PBXFileReference; fileEncoding = 4; lastKnownFileType = sourcecode.swift; path = VerifyViewController.swift; sourceTree = "<group>"; };
		B5ED711124A7D7C400080A52 /* AddEventBarButton.swift */ = {isa = PBXFileReference; fileEncoding = 4; lastKnownFileType = sourcecode.swift; path = AddEventBarButton.swift; sourceTree = "<group>"; };
		B5ED711824A7E73200080A52 /* ViewEventTableViewController.swift */ = {isa = PBXFileReference; lastKnownFileType = sourcecode.swift; path = ViewEventTableViewController.swift; sourceTree = "<group>"; };
		D30FBEDE20FBCCA3000DD221 /* RHPApprovalTableViewController.swift */ = {isa = PBXFileReference; lastKnownFileType = sourcecode.swift; path = RHPApprovalTableViewController.swift; sourceTree = "<group>"; };
		D30FBEEE20FC0B13000DD221 /* ProfileView.swift */ = {isa = PBXFileReference; lastKnownFileType = sourcecode.swift; path = ProfileView.swift; sourceTree = "<group>"; };
		D30FBEF020FC0B24000DD221 /* ProfileView.xib */ = {isa = PBXFileReference; lastKnownFileType = file.xib; path = ProfileView.xib; sourceTree = "<group>"; };
		D30FBEF2210380F3000DD221 /* PointLogOverviewController.swift */ = {isa = PBXFileReference; lastKnownFileType = sourcecode.swift; path = PointLogOverviewController.swift; sourceTree = "<group>"; };
		D30FC8FE20DF35D800201E74 /* PurdueHCR.app */ = {isa = PBXFileReference; explicitFileType = wrapper.application; includeInIndex = 0; path = PurdueHCR.app; sourceTree = BUILT_PRODUCTS_DIR; };
		D30FC90120DF35D800201E74 /* AppDelegate.swift */ = {isa = PBXFileReference; lastKnownFileType = sourcecode.swift; path = AppDelegate.swift; sourceTree = "<group>"; };
		D30FC90320DF35D800201E74 /* PointOptionViewController.swift */ = {isa = PBXFileReference; lastKnownFileType = sourcecode.swift; path = PointOptionViewController.swift; sourceTree = "<group>"; };
		D30FC90520DF35D800201E74 /* HouseProfileViewController.swift */ = {isa = PBXFileReference; lastKnownFileType = sourcecode.swift; path = HouseProfileViewController.swift; sourceTree = "<group>"; };
		D30FC90820DF35D800201E74 /* Base */ = {isa = PBXFileReference; lastKnownFileType = file.storyboard; name = Base; path = Base.lproj/Main.storyboard; sourceTree = "<group>"; };
		D30FC90A20DF35D900201E74 /* Assets.xcassets */ = {isa = PBXFileReference; lastKnownFileType = folder.assetcatalog; path = Assets.xcassets; sourceTree = "<group>"; };
		D30FC90F20DF35D900201E74 /* Info.plist */ = {isa = PBXFileReference; lastKnownFileType = text.plist.xml; path = Info.plist; sourceTree = "<group>"; };
		D3355C8C214A253D0037556C /* PointSubmission.storyboard */ = {isa = PBXFileReference; lastKnownFileType = file.storyboard; path = PointSubmission.storyboard; sourceTree = "<group>"; };
		D3355C8E214A25B10037556C /* Profile.storyboard */ = {isa = PBXFileReference; lastKnownFileType = file.storyboard; path = Profile.storyboard; sourceTree = "<group>"; };
		D3355C92214A267E0037556C /* PointApproval.storyboard */ = {isa = PBXFileReference; lastKnownFileType = file.storyboard; path = PointApproval.storyboard; sourceTree = "<group>"; };
		D3355C94214A26EC0037556C /* QRCode.storyboard */ = {isa = PBXFileReference; lastKnownFileType = file.storyboard; path = QRCode.storyboard; sourceTree = "<group>"; };
		D33F43A92106982100D3982D /* AnimatedLoadingViewController.swift */ = {isa = PBXFileReference; lastKnownFileType = sourcecode.swift; path = AnimatedLoadingViewController.swift; sourceTree = "<group>"; };
		D33F43AC2108362D00D3982D /* LaunchScreen.storyboard */ = {isa = PBXFileReference; lastKnownFileType = file.storyboard; path = LaunchScreen.storyboard; sourceTree = "<group>"; };
		D33F43AE210A9FB100D3982D /* PointDescriptionView.xib */ = {isa = PBXFileReference; lastKnownFileType = file.xib; path = PointDescriptionView.xib; sourceTree = "<group>"; };
		D33F43B0210AA00700D3982D /* PointDescriptionView.swift */ = {isa = PBXFileReference; lastKnownFileType = sourcecode.swift; path = PointDescriptionView.swift; sourceTree = "<group>"; };
		D345C96A20F3CC1B00ACDF39 /* FirebaseHelper.swift */ = {isa = PBXFileReference; lastKnownFileType = sourcecode.swift; path = FirebaseHelper.swift; sourceTree = "<group>"; };
		D36DFEBB220F2EF40062184C /* PurdueHCRUITests.xctest */ = {isa = PBXFileReference; explicitFileType = wrapper.cfbundle; includeInIndex = 0; path = PurdueHCRUITests.xctest; sourceTree = BUILT_PRODUCTS_DIR; };
		D36DFEBF220F2EF40062184C /* Info.plist */ = {isa = PBXFileReference; lastKnownFileType = text.plist.xml; path = Info.plist; sourceTree = "<group>"; };
		D37E1D9B20FAAD8E00C1B05E /* SignUpViewController.swift */ = {isa = PBXFileReference; lastKnownFileType = sourcecode.swift; path = SignUpViewController.swift; sourceTree = "<group>"; };
		D3912A65219CE77A0002E7C7 /* HouseTableViewController.swift */ = {isa = PBXFileReference; fileEncoding = 4; lastKnownFileType = sourcecode.swift; name = HouseTableViewController.swift; path = PurdueHCR/ViewControllers/REC/HouseViewControllers/HouseTableViewController.swift; sourceTree = SOURCE_ROOT; };
		D3912A66219CE77A0002E7C7 /* SubmitGrantedAwardViewController.swift */ = {isa = PBXFileReference; fileEncoding = 4; lastKnownFileType = sourcecode.swift; name = SubmitGrantedAwardViewController.swift; path = PurdueHCR/ViewControllers/REC/HouseViewControllers/SubmitGrantedAwardViewController.swift; sourceTree = SOURCE_ROOT; };
		D3912A68219CE77A0002E7C7 /* HouseCompetitionOverviewTableViewController.swift */ = {isa = PBXFileReference; fileEncoding = 4; lastKnownFileType = sourcecode.swift; name = HouseCompetitionOverviewTableViewController.swift; path = PurdueHCR/ViewControllers/REC/HouseViewControllers/HouseCompetitionOverviewTableViewController.swift; sourceTree = SOURCE_ROOT; };
		D3912A69219CE77A0002E7C7 /* RECHouse.storyboard */ = {isa = PBXFileReference; fileEncoding = 4; lastKnownFileType = file.storyboard; name = RECHouse.storyboard; path = PurdueHCR/ViewControllers/REC/HouseViewControllers/RECHouse.storyboard; sourceTree = SOURCE_ROOT; };
		D3912A70219CE7960002E7C7 /* RECPointCreationTableViewController.swift */ = {isa = PBXFileReference; fileEncoding = 4; lastKnownFileType = sourcecode.swift; name = RECPointCreationTableViewController.swift; path = PurdueHCR/ViewControllers/REC/PointOptionsViewControllers/RECPointCreationTableViewController.swift; sourceTree = SOURCE_ROOT; };
		D3912A71219CE7960002E7C7 /* RECPointOptionTableViewController.swift */ = {isa = PBXFileReference; fileEncoding = 4; lastKnownFileType = sourcecode.swift; name = RECPointOptionTableViewController.swift; path = PurdueHCR/ViewControllers/REC/PointOptionsViewControllers/RECPointOptionTableViewController.swift; sourceTree = SOURCE_ROOT; };
		D3912A72219CE7960002E7C7 /* RECPointOptions.storyboard */ = {isa = PBXFileReference; fileEncoding = 4; lastKnownFileType = file.storyboard; name = RECPointOptions.storyboard; path = PurdueHCR/ViewControllers/REC/PointOptionsViewControllers/RECPointOptions.storyboard; sourceTree = SOURCE_ROOT; };
		D3912A77219CE7A90002E7C7 /* RECRewardCreationTableViewController.swift */ = {isa = PBXFileReference; fileEncoding = 4; lastKnownFileType = sourcecode.swift; name = RECRewardCreationTableViewController.swift; path = PurdueHCR/ViewControllers/REC/RewardsViewControllers/RECRewardCreationTableViewController.swift; sourceTree = SOURCE_ROOT; };
		D3912A78219CE7A90002E7C7 /* RECRewardsTableViewController.swift */ = {isa = PBXFileReference; fileEncoding = 4; lastKnownFileType = sourcecode.swift; name = RECRewardsTableViewController.swift; path = PurdueHCR/ViewControllers/REC/RewardsViewControllers/RECRewardsTableViewController.swift; sourceTree = SOURCE_ROOT; };
		D3912A79219CE7A90002E7C7 /* RECRewards.storyboard */ = {isa = PBXFileReference; fileEncoding = 4; lastKnownFileType = file.storyboard; name = RECRewards.storyboard; path = PurdueHCR/ViewControllers/REC/RewardsViewControllers/RECRewards.storyboard; sourceTree = SOURCE_ROOT; };
		D39D442A210E52690030F424 /* QRCodeGeneratorViewController.swift */ = {isa = PBXFileReference; lastKnownFileType = sourcecode.swift; path = QRCodeGeneratorViewController.swift; sourceTree = "<group>"; };
		D39D442C210E5CEB0030F424 /* LinkCodeViewController.swift */ = {isa = PBXFileReference; lastKnownFileType = sourcecode.swift; path = LinkCodeViewController.swift; sourceTree = "<group>"; };
		D39D4434210E748A0030F424 /* LinkCodesTableViewController.swift */ = {isa = PBXFileReference; lastKnownFileType = sourcecode.swift; path = LinkCodesTableViewController.swift; sourceTree = "<group>"; };
		D3BC48BA210E9B0900D46088 /* HousePointsView.xib */ = {isa = PBXFileReference; lastKnownFileType = file.xib; path = HousePointsView.xib; sourceTree = "<group>"; };
		D3BCD382224BE5120041AB2D /* UITestPageBase.swift */ = {isa = PBXFileReference; lastKnownFileType = sourcecode.swift; path = UITestPageBase.swift; sourceTree = "<group>"; };
		D3BCD384224BE5760041AB2D /* UITestBase.swift */ = {isa = PBXFileReference; lastKnownFileType = sourcecode.swift; path = UITestBase.swift; sourceTree = "<group>"; };
		D3BCD386224C28910041AB2D /* UITestSignInPage.swift */ = {isa = PBXFileReference; lastKnownFileType = sourcecode.swift; path = UITestSignInPage.swift; sourceTree = "<group>"; };
		D3BCD38A224C2C900041AB2D /* UITestProfilePage.swift */ = {isa = PBXFileReference; lastKnownFileType = sourcecode.swift; path = UITestProfilePage.swift; sourceTree = "<group>"; };
		D3BCD38C224C65050041AB2D /* UITestSignUpPage.swift */ = {isa = PBXFileReference; lastKnownFileType = sourcecode.swift; path = UITestSignUpPage.swift; sourceTree = "<group>"; };
		D3BCD38E224C65330041AB2D /* UITestForgotPasswordPage.swift */ = {isa = PBXFileReference; lastKnownFileType = sourcecode.swift; path = UITestForgotPasswordPage.swift; sourceTree = "<group>"; };
		D3BCD390224C6F0C0041AB2D /* UITestHouseOverviewPage.swift */ = {isa = PBXFileReference; lastKnownFileType = sourcecode.swift; path = UITestHouseOverviewPage.swift; sourceTree = "<group>"; };
		D3BCD392224C7A910041AB2D /* UITestRHPProfilePage.swift */ = {isa = PBXFileReference; lastKnownFileType = sourcecode.swift; path = UITestRHPProfilePage.swift; sourceTree = "<group>"; };
		D3BCD394224C97E00041AB2D /* UITestSubmitPointsTablePage.swift */ = {isa = PBXFileReference; lastKnownFileType = sourcecode.swift; path = UITestSubmitPointsTablePage.swift; sourceTree = "<group>"; };
		D3BCD396224C984E0041AB2D /* UITestRHPApprovalPage.swift */ = {isa = PBXFileReference; lastKnownFileType = sourcecode.swift; path = UITestRHPApprovalPage.swift; sourceTree = "<group>"; };
		D3BCD398224C98680041AB2D /* UITestRHPQRPage.swift */ = {isa = PBXFileReference; lastKnownFileType = sourcecode.swift; path = UITestRHPQRPage.swift; sourceTree = "<group>"; };
		D3BCD39A224CA0AD0041AB2D /* UITestRHPSubmitPointsTablePage.swift */ = {isa = PBXFileReference; lastKnownFileType = sourcecode.swift; path = UITestRHPSubmitPointsTablePage.swift; sourceTree = "<group>"; };
		D3CC77C42103D65A00B88F03 /* HousePointsView.swift */ = {isa = PBXFileReference; lastKnownFileType = sourcecode.swift; path = HousePointsView.swift; sourceTree = "<group>"; };
		D3CC77C62103EFAF00B88F03 /* HousePointsCompareView.xib */ = {isa = PBXFileReference; lastKnownFileType = file.xib; path = HousePointsCompareView.xib; sourceTree = "<group>"; };
		D3CC77C82103EFED00B88F03 /* HousePointsCompareView.swift */ = {isa = PBXFileReference; lastKnownFileType = sourcecode.swift; path = HousePointsCompareView.swift; sourceTree = "<group>"; };
		D3CC77CA210428B600B88F03 /* TabBarController.swift */ = {isa = PBXFileReference; lastKnownFileType = sourcecode.swift; path = TabBarController.swift; sourceTree = "<group>"; };
		D3CC77CD21052CEF00B88F03 /* AppUtils.swift */ = {isa = PBXFileReference; lastKnownFileType = sourcecode.swift; path = AppUtils.swift; sourceTree = "<group>"; };
		D3CF6BD3224FE88100D97A0F /* UITestPointSubmissionPage.swift */ = {isa = PBXFileReference; lastKnownFileType = sourcecode.swift; path = UITestPointSubmissionPage.swift; sourceTree = "<group>"; };
		D3CF6BD9224FEF1B00D97A0F /* UITestRHPPointSubmissionPage.swift */ = {isa = PBXFileReference; lastKnownFileType = sourcecode.swift; path = UITestRHPPointSubmissionPage.swift; sourceTree = "<group>"; };
		D3CF6BDB224FF3EC00D97A0F /* UITestPointSubmission.swift */ = {isa = PBXFileReference; lastKnownFileType = sourcecode.swift; path = UITestPointSubmission.swift; sourceTree = "<group>"; };
		D3CF6BDD2250264D00D97A0F /* UITestRHPHistoryPage.swift */ = {isa = PBXFileReference; lastKnownFileType = sourcecode.swift; path = UITestRHPHistoryPage.swift; sourceTree = "<group>"; };
		D3CF6BE12250867E00D97A0F /* UITestQRCode.swift */ = {isa = PBXFileReference; lastKnownFileType = sourcecode.swift; path = UITestQRCode.swift; sourceTree = "<group>"; };
		D3D062B620E7F73C00E8B3A3 /* DataManager.swift */ = {isa = PBXFileReference; lastKnownFileType = sourcecode.swift; path = DataManager.swift; sourceTree = "<group>"; };
		D3D062B820E7F75B00E8B3A3 /* Data.swift */ = {isa = PBXFileReference; lastKnownFileType = sourcecode.swift; path = Data.swift; sourceTree = "<group>"; };
		D3D062BC20E816AB00E8B3A3 /* User.swift */ = {isa = PBXFileReference; lastKnownFileType = sourcecode.swift; path = User.swift; sourceTree = "<group>"; };
		D3D062C220E8219C00E8B3A3 /* LogInViewController.swift */ = {isa = PBXFileReference; lastKnownFileType = sourcecode.swift; path = LogInViewController.swift; sourceTree = "<group>"; };
		D3D062C420E822BA00E8B3A3 /* LoginStoryboard.storyboard */ = {isa = PBXFileReference; lastKnownFileType = file.storyboard; path = LoginStoryboard.storyboard; sourceTree = "<group>"; };
		D3D062C620E82A6500E8B3A3 /* TypeSubmitViewController.swift */ = {isa = PBXFileReference; lastKnownFileType = sourcecode.swift; path = TypeSubmitViewController.swift; sourceTree = "<group>"; };
		D749F3772339A24B00410434 /* SuggestedPointsView.swift */ = {isa = PBXFileReference; lastKnownFileType = sourcecode.swift; path = SuggestedPointsView.swift; sourceTree = "<group>"; };
		E2069A978FC04FB762BECDEB /* Pods-PurdueHCR.debug.xcconfig */ = {isa = PBXFileReference; includeInIndex = 1; lastKnownFileType = text.xcconfig; name = "Pods-PurdueHCR.debug.xcconfig"; path = "Pods/Target Support Files/Pods-PurdueHCR/Pods-PurdueHCR.debug.xcconfig"; sourceTree = "<group>"; };
/* End PBXFileReference section */

/* Begin PBXFrameworksBuildPhase section */
		D30FC8FB20DF35D800201E74 /* Frameworks */ = {
			isa = PBXFrameworksBuildPhase;
			buildActionMask = 2147483647;
			files = (
				B57D553B23E2322400495F19 /* Pods_PurdueHCR.framework in Frameworks */,
			);
			runOnlyForDeploymentPostprocessing = 0;
		};
		D36DFEB8220F2EF40062184C /* Frameworks */ = {
			isa = PBXFrameworksBuildPhase;
			buildActionMask = 2147483647;
			files = (
				76743E43566ADBC9820A7F30 /* Pods_PurdueHCRUITests.framework in Frameworks */,
			);
			runOnlyForDeploymentPostprocessing = 0;
		};
/* End PBXFrameworksBuildPhase section */

/* Begin PBXGroup section */
		40AA8A3C917F219109220032 /* HappyCodingSupport */ = {
			isa = PBXGroup;
			children = (
			);
			path = HappyCodingSupport;
			sourceTree = "<group>";
		};
		54A6A3EE8AE04E29868B02EB /* Pods */ = {
			isa = PBXGroup;
			children = (
				E2069A978FC04FB762BECDEB /* Pods-PurdueHCR.debug.xcconfig */,
				AC46DC5DEBA94D842B2EC887 /* Pods-PurdueHCR.release.xcconfig */,
				39366264BA748CDB712098B6 /* Pods-PurdueHCRUITests.debug.xcconfig */,
				2F1172101702388B6147D7A8 /* Pods-PurdueHCRUITests.release.xcconfig */,
			);
			name = Pods;
			sourceTree = "<group>";
		};
		AA19657F23DA7E22008B6B1E /* Recovered References */ = {
			isa = PBXGroup;
			children = (
				B5D88D5823C51E69007A19D0 /* GoogleService-Info.plist */,
				B55B2F46253F9BD500A91173 /* GoogleService-Info.plist */,
				AA7A7F8825115CA5002BD54B /* GoogleService-Info.plist */,
			);
			name = "Recovered References";
			sourceTree = "<group>";
		};
		AB577E93D3B4B5BCEA137EE1 /* Frameworks */ = {
			isa = PBXGroup;
			children = (
				172F6609F4B14DA0FA8D754A /* Pods_PurdueHCR.framework */,
				AC9352CC1FB986152D577038 /* Pods_PurdueHCRUITests.framework */,
			);
			name = Frameworks;
			sourceTree = "<group>";
		};
		B53A88C825A0F95B009A0983 /* Laundry */ = {
			isa = PBXGroup;
			children = (
				B555F30E255229F1002D1151 /* LaundryMachineView.swift */,
				B53A88C925A0F985009A0983 /* MachineInfoView.swift */,
			);
			path = Laundry;
			sourceTree = "<group>";
		};
		B5ED710B24A7D7C400080A52 /* EventsControllers */ = {
			isa = PBXGroup;
			children = (
				B5ED710C24A7D7C400080A52 /* Event.swift */,
				B5ED710D24A7D7C400080A52 /* EventViewController.swift */,
				B5ED710E24A7D7C400080A52 /* EventTableViewCell.swift */,
				AAAAC630251EDF0300C0E2C8 /* EventHostTableViewController.swift */,
				AA7A7F8A251182FA002BD54B /* EventTableViewHeaderFooterView.swift */,
				B5ED710F24A7D7C400080A52 /* CreateEventTableViewController.swift */,
				B5ED711024A7D7C400080A52 /* VerifyViewController.swift */,
				B5ED711124A7D7C400080A52 /* AddEventBarButton.swift */,
				B5ED711824A7E73200080A52 /* ViewEventTableViewController.swift */,
				AAF279FD2556360200D7028D /* SelectFloorsTableViewController.swift */,
				AAF27A032556392900D7028D /* SelectedFloorsTableViewCell.swift */,
			);
			path = EventsControllers;
			sourceTree = "<group>";
		};
		D30FBEE020FC0403000DD221 /* ViewControllers */ = {
			isa = PBXGroup;
			children = (
				B5ED710B24A7D7C400080A52 /* EventsControllers */,
				D3912A63219CE75D0002E7C7 /* RECViewControllers */,
				D39D442F210E73FB0030F424 /* FlowControllers */,
				D39D4430210E74090030F424 /* UserCreation */,
				D39D4432210E74460030F424 /* PointSubmissionViewControllers */,
				D39D4431210E74320030F424 /* ProfileViewControllers */,
				D39D4433210E74540030F424 /* PointApprovalViewControllers */,
				D39D442E210E73E70030F424 /* QRCodeViewControllers */,
			);
			path = ViewControllers;
			sourceTree = "<group>";
		};
		D30FBEE120FC0420000DD221 /* Models */ = {
			isa = PBXGroup;
			children = (
				D3D062B820E7F75B00E8B3A3 /* Data.swift */,
				D3D062BC20E816AB00E8B3A3 /* User.swift */,
			);
			path = Models;
			sourceTree = "<group>";
		};
		D30FBEE220FC0433000DD221 /* Utils */ = {
			isa = PBXGroup;
			children = (
				D345C96A20F3CC1B00ACDF39 /* FirebaseHelper.swift */,
				D3D062B620E7F73C00E8B3A3 /* DataManager.swift */,
				D3CC77CD21052CEF00B88F03 /* AppUtils.swift */,
				B55449582176F11300A914C2 /* TextFieldMaxLengths.swift */,
				B5AE2D4623DCA07100B2323C /* FirebaseListener.swift */,
				B5AE2D4823DCA34F00B2323C /* FirebaseCollectionListener.swift */,
				B5AE2D4A23DCA35D00B2323C /* FirebaseDocumentListener.swift */,
				B5AE2D4C23DCA68C00B2323C /* FirebaseListenerUtil.swift */,
			);
			path = Utils;
			sourceTree = "<group>";
		};
		D30FBEE320FC0457000DD221 /* Resources */ = {
			isa = PBXGroup;
			children = (
				D30FC90A20DF35D900201E74 /* Assets.xcassets */,
			);
			path = Resources;
			sourceTree = "<group>";
		};
		D30FBEE520FC046F000DD221 /* Storyboards */ = {
			isa = PBXGroup;
			children = (
				AAF279F32555DA7600D7028D /* Events.storyboard */,
				D30FC90720DF35D800201E74 /* Main.storyboard */,
				D3D062C420E822BA00E8B3A3 /* LoginStoryboard.storyboard */,
				D33F43AC2108362D00D3982D /* LaunchScreen.storyboard */,
				D3355C8C214A253D0037556C /* PointSubmission.storyboard */,
				D3355C8E214A25B10037556C /* Profile.storyboard */,
				D3355C92214A267E0037556C /* PointApproval.storyboard */,
				D3355C94214A26EC0037556C /* QRCode.storyboard */,
			);
			path = Storyboards;
			sourceTree = "<group>";
		};
		D30FC8F520DF35D700201E74 = {
			isa = PBXGroup;
			children = (
				D30FC90020DF35D800201E74 /* PurdueHCR */,
				D36DFEBC220F2EF40062184C /* PurdueHCRUITests */,
				D30FC8FF20DF35D800201E74 /* Products */,
				54A6A3EE8AE04E29868B02EB /* Pods */,
				AB577E93D3B4B5BCEA137EE1 /* Frameworks */,
				AA19657F23DA7E22008B6B1E /* Recovered References */,
			);
			sourceTree = "<group>";
		};
		D30FC8FF20DF35D800201E74 /* Products */ = {
			isa = PBXGroup;
			children = (
				D30FC8FE20DF35D800201E74 /* PurdueHCR.app */,
				D36DFEBB220F2EF40062184C /* PurdueHCRUITests.xctest */,
			);
			name = Products;
			sourceTree = "<group>";
		};
		D30FC90020DF35D800201E74 /* PurdueHCR */ = {
			isa = PBXGroup;
			children = (
				B5DB27E625E88EC100BB72C0 /* GoogleService-Info.plist */,
				B51BDD7524DF8759003EA6AE /* PurdueHCRDebug.entitlements */,
				B532665C24F456F2005ABEEC /* PurdueHCR.entitlements */,
				B532665B24F454E1005ABEEC /* PurdueHCRRelease.entitlements */,
				D30FC90120DF35D800201E74 /* AppDelegate.swift */,
				D30FC90F20DF35D900201E74 /* Info.plist */,
				D3355C90214A25BF0037556C /* ViewXIB */,
				D30FBEE520FC046F000DD221 /* Storyboards */,
				D30FBEE320FC0457000DD221 /* Resources */,
				D30FBEE120FC0420000DD221 /* Models */,
				B551BDD221B1004F00CF4F6C /* Register */,
				D30FBEE220FC0433000DD221 /* Utils */,
				D30FBEE020FC0403000DD221 /* ViewControllers */,
				D3CC77CC210522CC00B88F03 /* Views */,
				40AA8A3C917F219109220032 /* HappyCodingSupport */,
			);
			path = PurdueHCR;
			sourceTree = "<group>";
		};
		D3355C90214A25BF0037556C /* ViewXIB */ = {
			isa = PBXGroup;
			children = (
				D3CC77C62103EFAF00B88F03 /* HousePointsCompareView.xib */,
				D33F43AE210A9FB100D3982D /* PointDescriptionView.xib */,
				D3BC48BA210E9B0900D46088 /* HousePointsView.xib */,
				D30FBEF020FC0B24000DD221 /* ProfileView.xib */,
				B50E6C8F22F10E0B00505AA3 /* MessageView.xib */,
				B5BD40B623C6847200E8D48F /* RECPointDescriptionView.xib */,
				B57FC19123E3924700DC22B2 /* TopScorersView.xib */,
				B5D6AF5424FAE20500CC5E86 /* LogoutView.xib */,
				B555F30A2552298B002D1151 /* LaundryMachine.xib */,
				B53A88C425A0F938009A0983 /* MachineInfo.xib */,
			);
			name = ViewXIB;
			path = "New Group";
			sourceTree = "<group>";
		};
		D36DFEBC220F2EF40062184C /* PurdueHCRUITests */ = {
			isa = PBXGroup;
			children = (
				D3BCD381224BE4E00041AB2D /* UITestPages */,
				D3BCD380224BE4BD0041AB2D /* UITests */,
				D36DFEBF220F2EF40062184C /* Info.plist */,
			);
			path = PurdueHCRUITests;
			sourceTree = "<group>";
		};
		D3912A63219CE75D0002E7C7 /* RECViewControllers */ = {
			isa = PBXGroup;
			children = (
				D3912A76219CE7990002E7C7 /* RewardsViewControllers */,
				D3912A6F219CE7870002E7C7 /* PointOptionsViewControllers */,
				D3912A64219CE76A0002E7C7 /* HouseViewControllers */,
			);
			path = RECViewControllers;
			sourceTree = "<group>";
		};
		D3912A64219CE76A0002E7C7 /* HouseViewControllers */ = {
			isa = PBXGroup;
			children = (
				D3912A68219CE77A0002E7C7 /* HouseCompetitionOverviewTableViewController.swift */,
				D3912A65219CE77A0002E7C7 /* HouseTableViewController.swift */,
				D3912A69219CE77A0002E7C7 /* RECHouse.storyboard */,
				D3912A66219CE77A0002E7C7 /* SubmitGrantedAwardViewController.swift */,
			);
			path = HouseViewControllers;
			sourceTree = "<group>";
		};
		D3912A6F219CE7870002E7C7 /* PointOptionsViewControllers */ = {
			isa = PBXGroup;
			children = (
				D3912A70219CE7960002E7C7 /* RECPointCreationTableViewController.swift */,
				D3912A72219CE7960002E7C7 /* RECPointOptions.storyboard */,
				D3912A71219CE7960002E7C7 /* RECPointOptionTableViewController.swift */,
			);
			path = PointOptionsViewControllers;
			sourceTree = "<group>";
		};
		D3912A76219CE7990002E7C7 /* RewardsViewControllers */ = {
			isa = PBXGroup;
			children = (
				D3912A77219CE7A90002E7C7 /* RECRewardCreationTableViewController.swift */,
				D3912A79219CE7A90002E7C7 /* RECRewards.storyboard */,
				D3912A78219CE7A90002E7C7 /* RECRewardsTableViewController.swift */,
			);
			path = RewardsViewControllers;
			sourceTree = "<group>";
		};
		D39D442E210E73E70030F424 /* QRCodeViewControllers */ = {
			isa = PBXGroup;
			children = (
				D39D4434210E748A0030F424 /* LinkCodesTableViewController.swift */,
				D39D442C210E5CEB0030F424 /* LinkCodeViewController.swift */,
				D39D442A210E52690030F424 /* QRCodeGeneratorViewController.swift */,
			);
			path = QRCodeViewControllers;
			sourceTree = "<group>";
		};
		D39D442F210E73FB0030F424 /* FlowControllers */ = {
			isa = PBXGroup;
			children = (
				B56508BD22E3BBDB00AF7C97 /* SplashScreenViewController.swift */,
				D33F43A92106982100D3982D /* AnimatedLoadingViewController.swift */,
				D3CC77CA210428B600B88F03 /* TabBarController.swift */,
			);
			path = FlowControllers;
			sourceTree = "<group>";
		};
		D39D4430210E74090030F424 /* UserCreation */ = {
			isa = PBXGroup;
			children = (
				D3D062C220E8219C00E8B3A3 /* LogInViewController.swift */,
				D37E1D9B20FAAD8E00C1B05E /* SignUpViewController.swift */,
				B53685D322DFD73700A0D0B5 /* HouseCodeViewController.swift */,
			);
			path = UserCreation;
			sourceTree = "<group>";
		};
		D39D4431210E74320030F424 /* ProfileViewControllers */ = {
			isa = PBXGroup;
			children = (
				D30FC90520DF35D800201E74 /* HouseProfileViewController.swift */,
				B52FD0CA22B849AC009682CB /* UserPointsTableViewController.swift */,
				B599D98122F62F030033173C /* NotificationsViewController.swift */,
				B553981B255B6213006FD21B /* LaundryViewController.swift */,
			);
			path = ProfileViewControllers;
			sourceTree = "<group>";
		};
		D39D4432210E74460030F424 /* PointSubmissionViewControllers */ = {
			isa = PBXGroup;
			children = (
				D30FC90320DF35D800201E74 /* PointOptionViewController.swift */,
				D3D062C620E82A6500E8B3A3 /* TypeSubmitViewController.swift */,
			);
			path = PointSubmissionViewControllers;
			sourceTree = "<group>";
		};
		D39D4433210E74540030F424 /* PointApprovalViewControllers */ = {
			isa = PBXGroup;
			children = (
				B5B7E98623D8CF5C00CE1866 /* HousePointsHistoryViewController.swift */,
				D30FBEDE20FBCCA3000DD221 /* RHPApprovalTableViewController.swift */,
				D30FBEF2210380F3000DD221 /* PointLogOverviewController.swift */,
			);
			path = PointApprovalViewControllers;
			sourceTree = "<group>";
		};
		D3BCD380224BE4BD0041AB2D /* UITests */ = {
			isa = PBXGroup;
			children = (
				D3BCD384224BE5760041AB2D /* UITestBase.swift */,
				D3CF6BDB224FF3EC00D97A0F /* UITestPointSubmission.swift */,
				D3CF6BE12250867E00D97A0F /* UITestQRCode.swift */,
				B52B713C2252F02600C46C11 /* UITestRECSystemPreferences.swift */,
			);
			path = UITests;
			sourceTree = "<group>";
		};
		D3BCD381224BE4E00041AB2D /* UITestPages */ = {
			isa = PBXGroup;
			children = (
				D3CF6BD6224FE8A900D97A0F /* BasePages */,
				D3CF6BD5224FE88A00D97A0F /* ResidentPages */,
				D3CF6BD7224FE95200D97A0F /* RHPPages */,
				D3CF6BD8224FE96600D97A0F /* RECPages */,
			);
			path = UITestPages;
			sourceTree = "<group>";
		};
		D3CC77CC210522CC00B88F03 /* Views */ = {
			isa = PBXGroup;
			children = (
				B53A88C825A0F95B009A0983 /* Laundry */,
				D3CC77C82103EFED00B88F03 /* HousePointsCompareView.swift */,
				D3CC77C42103D65A00B88F03 /* HousePointsView.swift */,
				D30FBEEE20FC0B13000DD221 /* ProfileView.swift */,
				D33F43B0210AA00700D3982D /* PointDescriptionView.swift */,
				B50E6C9122F1202A00505AA3 /* MessageView.swift */,
				D749F3772339A24B00410434 /* SuggestedPointsView.swift */,
				B5D88D5623C39688007A19D0 /* TopScorersView.swift */,
				B5D6AF5624FAE89B00CC5E86 /* LogoutView.swift */,
			);
			path = Views;
			sourceTree = "<group>";
		};
		D3CF6BD5224FE88A00D97A0F /* ResidentPages */ = {
			isa = PBXGroup;
			children = (
				D3BCD38A224C2C900041AB2D /* UITestProfilePage.swift */,
				D3BCD394224C97E00041AB2D /* UITestSubmitPointsTablePage.swift */,
				D3CF6BD3224FE88100D97A0F /* UITestPointSubmissionPage.swift */,
			);
			path = ResidentPages;
			sourceTree = "<group>";
		};
		D3CF6BD6224FE8A900D97A0F /* BasePages */ = {
			isa = PBXGroup;
			children = (
				D3BCD382224BE5120041AB2D /* UITestPageBase.swift */,
				D3BCD386224C28910041AB2D /* UITestSignInPage.swift */,
				D3BCD38C224C65050041AB2D /* UITestSignUpPage.swift */,
				D3BCD38E224C65330041AB2D /* UITestForgotPasswordPage.swift */,
			);
			path = BasePages;
			sourceTree = "<group>";
		};
		D3CF6BD7224FE95200D97A0F /* RHPPages */ = {
			isa = PBXGroup;
			children = (
				D3BCD392224C7A910041AB2D /* UITestRHPProfilePage.swift */,
				D3BCD39A224CA0AD0041AB2D /* UITestRHPSubmitPointsTablePage.swift */,
				D3CF6BD9224FEF1B00D97A0F /* UITestRHPPointSubmissionPage.swift */,
				D3BCD396224C984E0041AB2D /* UITestRHPApprovalPage.swift */,
				D3BCD398224C98680041AB2D /* UITestRHPQRPage.swift */,
				D3CF6BDD2250264D00D97A0F /* UITestRHPHistoryPage.swift */,
			);
			path = RHPPages;
			sourceTree = "<group>";
		};
		D3CF6BD8224FE96600D97A0F /* RECPages */ = {
			isa = PBXGroup;
			children = (
				D3BCD390224C6F0C0041AB2D /* UITestHouseOverviewPage.swift */,
			);
			path = RECPages;
			sourceTree = "<group>";
		};
/* End PBXGroup section */

/* Begin PBXNativeTarget section */
		D30FC8FD20DF35D800201E74 /* PurdueHCR */ = {
			isa = PBXNativeTarget;
			buildConfigurationList = D30FC92820DF35D900201E74 /* Build configuration list for PBXNativeTarget "PurdueHCR" */;
			buildPhases = (
				DD42DA661F297DDCE5022C4C /* [CP] Check Pods Manifest.lock */,
				D30FC8FA20DF35D800201E74 /* Sources */,
				D30FC8FB20DF35D800201E74 /* Frameworks */,
				D30FC8FC20DF35D800201E74 /* Resources */,
				8AB907A4EBDADFAD07571479 /* [CP] Embed Pods Frameworks */,
			);
			buildRules = (
			);
			dependencies = (
			);
			name = PurdueHCR;
			productName = "Platinum Points";
			productReference = D30FC8FE20DF35D800201E74 /* PurdueHCR.app */;
			productType = "com.apple.product-type.application";
		};
		D36DFEBA220F2EF40062184C /* PurdueHCRUITests */ = {
			isa = PBXNativeTarget;
			buildConfigurationList = D36DFEC2220F2EF40062184C /* Build configuration list for PBXNativeTarget "PurdueHCRUITests" */;
			buildPhases = (
				F04F77C8A32B268788EF1C05 /* [CP] Check Pods Manifest.lock */,
				D36DFEB7220F2EF40062184C /* Sources */,
				D36DFEB8220F2EF40062184C /* Frameworks */,
				D36DFEB9220F2EF40062184C /* Resources */,
				4801D9ECEFD799803BB84713 /* [CP] Embed Pods Frameworks */,
			);
			buildRules = (
			);
			dependencies = (
				D36DFEC1220F2EF40062184C /* PBXTargetDependency */,
			);
			name = PurdueHCRUITests;
			productName = PurdueHCRUITests;
			productReference = D36DFEBB220F2EF40062184C /* PurdueHCRUITests.xctest */;
			productType = "com.apple.product-type.bundle.ui-testing";
		};
/* End PBXNativeTarget section */

/* Begin PBXProject section */
		D30FC8F620DF35D700201E74 /* Project object */ = {
			isa = PBXProject;
			attributes = {
				LastSwiftUpdateCheck = 1010;
				LastUpgradeCheck = 0940;
				ORGANIZATIONNAME = DecodeProgramming;
				TargetAttributes = {
					D30FC8FD20DF35D800201E74 = {
						CreatedOnToolsVersion = 9.4.1;
						LastSwiftMigration = 1020;
						SystemCapabilities = {
							com.apple.Push = {
								enabled = 0;
							};
						};
					};
					D36DFEBA220F2EF40062184C = {
						CreatedOnToolsVersion = 10.1;
						LastSwiftMigration = 1020;
						TestTargetID = D30FC8FD20DF35D800201E74;
					};
				};
			};
			buildConfigurationList = D30FC8F920DF35D700201E74 /* Build configuration list for PBXProject "PurdueHCR" */;
			compatibilityVersion = "Xcode 9.3";
			developmentRegion = en;
			hasScannedForEncodings = 0;
			knownRegions = (
				en,
				Base,
			);
			mainGroup = D30FC8F520DF35D700201E74;
			productRefGroup = D30FC8FF20DF35D800201E74 /* Products */;
			projectDirPath = "";
			projectRoot = "";
			targets = (
				D30FC8FD20DF35D800201E74 /* PurdueHCR */,
				D36DFEBA220F2EF40062184C /* PurdueHCRUITests */,
			);
		};
/* End PBXProject section */

/* Begin PBXResourcesBuildPhase section */
		D30FC8FC20DF35D800201E74 /* Resources */ = {
			isa = PBXResourcesBuildPhase;
			buildActionMask = 2147483647;
			files = (
				D30FC90B20DF35D900201E74 /* Assets.xcassets in Resources */,
				D3355C8F214A25B10037556C /* Profile.storyboard in Resources */,
				B551BDD321B1004F00CF4F6C /* Register in Resources */,
				D3355C8D214A253D0037556C /* PointSubmission.storyboard in Resources */,
				D33F43AD2108362D00D3982D /* LaunchScreen.storyboard in Resources */,
				D3355C95214A26EC0037556C /* QRCode.storyboard in Resources */,
				D3CC77C72103EFAF00B88F03 /* HousePointsCompareView.xib in Resources */,
				B5D6AF5524FAE20500CC5E86 /* LogoutView.xib in Resources */,
				B5BD40B723C6847200E8D48F /* RECPointDescriptionView.xib in Resources */,
				B53A88C525A0F938009A0983 /* MachineInfo.xib in Resources */,
				D3912A6E219CE77B0002E7C7 /* RECHouse.storyboard in Resources */,
				D30FBEF120FC0B24000DD221 /* ProfileView.xib in Resources */,
				D3355C93214A267E0037556C /* PointApproval.storyboard in Resources */,
				D3D062C520E822BA00E8B3A3 /* LoginStoryboard.storyboard in Resources */,
				D30FC90920DF35D800201E74 /* Main.storyboard in Resources */,
				B50E6C9022F10E0B00505AA3 /* MessageView.xib in Resources */,
				AAF279F42555DA7600D7028D /* Events.storyboard in Resources */,
				D3912A75219CE7960002E7C7 /* RECPointOptions.storyboard in Resources */,
				B57FC19223E3924700DC22B2 /* TopScorersView.xib in Resources */,
				B5539818255B5CF5006FD21B /* GoogleService-Info.plist in Resources */,
				D33F43AF210A9FB100D3982D /* PointDescriptionView.xib in Resources */,
				B5DB27E725E88EC100BB72C0 /* GoogleService-Info.plist in Resources */,
				D3912A7C219CE7A90002E7C7 /* RECRewards.storyboard in Resources */,
				D3BC48BB210E9B0900D46088 /* HousePointsView.xib in Resources */,
			);
			runOnlyForDeploymentPostprocessing = 0;
		};
		D36DFEB9220F2EF40062184C /* Resources */ = {
			isa = PBXResourcesBuildPhase;
			buildActionMask = 2147483647;
			files = (
			);
			runOnlyForDeploymentPostprocessing = 0;
		};
/* End PBXResourcesBuildPhase section */

/* Begin PBXShellScriptBuildPhase section */
		4801D9ECEFD799803BB84713 /* [CP] Embed Pods Frameworks */ = {
			isa = PBXShellScriptBuildPhase;
			buildActionMask = 2147483647;
			files = (
			);
			inputFileListPaths = (
				"${PODS_ROOT}/Target Support Files/Pods-PurdueHCRUITests/Pods-PurdueHCRUITests-frameworks-${CONFIGURATION}-input-files.xcfilelist",
			);
			name = "[CP] Embed Pods Frameworks";
			outputFileListPaths = (
				"${PODS_ROOT}/Target Support Files/Pods-PurdueHCRUITests/Pods-PurdueHCRUITests-frameworks-${CONFIGURATION}-output-files.xcfilelist",
			);
			runOnlyForDeploymentPostprocessing = 0;
			shellPath = /bin/sh;
			shellScript = "\"${PODS_ROOT}/Target Support Files/Pods-PurdueHCRUITests/Pods-PurdueHCRUITests-frameworks.sh\"\n";
			showEnvVarsInLog = 0;
		};
		8AB907A4EBDADFAD07571479 /* [CP] Embed Pods Frameworks */ = {
			isa = PBXShellScriptBuildPhase;
			buildActionMask = 2147483647;
			files = (
			);
			inputFileListPaths = (
				"${PODS_ROOT}/Target Support Files/Pods-PurdueHCR/Pods-PurdueHCR-frameworks-${CONFIGURATION}-input-files.xcfilelist",
			);
			name = "[CP] Embed Pods Frameworks";
			outputFileListPaths = (
				"${PODS_ROOT}/Target Support Files/Pods-PurdueHCR/Pods-PurdueHCR-frameworks-${CONFIGURATION}-output-files.xcfilelist",
			);
			runOnlyForDeploymentPostprocessing = 0;
			shellPath = /bin/sh;
			shellScript = "\"${PODS_ROOT}/Target Support Files/Pods-PurdueHCR/Pods-PurdueHCR-frameworks.sh\"\n";
			showEnvVarsInLog = 0;
		};
		DD42DA661F297DDCE5022C4C /* [CP] Check Pods Manifest.lock */ = {
			isa = PBXShellScriptBuildPhase;
			buildActionMask = 2147483647;
			files = (
			);
			inputPaths = (
				"${PODS_PODFILE_DIR_PATH}/Podfile.lock",
				"${PODS_ROOT}/Manifest.lock",
			);
			name = "[CP] Check Pods Manifest.lock";
			outputPaths = (
				"$(DERIVED_FILE_DIR)/Pods-PurdueHCR-checkManifestLockResult.txt",
			);
			runOnlyForDeploymentPostprocessing = 0;
			shellPath = /bin/sh;
			shellScript = "diff \"${PODS_PODFILE_DIR_PATH}/Podfile.lock\" \"${PODS_ROOT}/Manifest.lock\" > /dev/null\nif [ $? != 0 ] ; then\n    # print error to STDERR\n    echo \"error: The sandbox is not in sync with the Podfile.lock. Run 'pod install' or update your CocoaPods installation.\" >&2\n    exit 1\nfi\n# This output is used by Xcode 'outputs' to avoid re-running this script phase.\necho \"SUCCESS\" > \"${SCRIPT_OUTPUT_FILE_0}\"\n";
			showEnvVarsInLog = 0;
		};
		F04F77C8A32B268788EF1C05 /* [CP] Check Pods Manifest.lock */ = {
			isa = PBXShellScriptBuildPhase;
			buildActionMask = 2147483647;
			files = (
			);
			inputPaths = (
				"${PODS_PODFILE_DIR_PATH}/Podfile.lock",
				"${PODS_ROOT}/Manifest.lock",
			);
			name = "[CP] Check Pods Manifest.lock";
			outputPaths = (
				"$(DERIVED_FILE_DIR)/Pods-PurdueHCRUITests-checkManifestLockResult.txt",
			);
			runOnlyForDeploymentPostprocessing = 0;
			shellPath = /bin/sh;
			shellScript = "diff \"${PODS_PODFILE_DIR_PATH}/Podfile.lock\" \"${PODS_ROOT}/Manifest.lock\" > /dev/null\nif [ $? != 0 ] ; then\n    # print error to STDERR\n    echo \"error: The sandbox is not in sync with the Podfile.lock. Run 'pod install' or update your CocoaPods installation.\" >&2\n    exit 1\nfi\n# This output is used by Xcode 'outputs' to avoid re-running this script phase.\necho \"SUCCESS\" > \"${SCRIPT_OUTPUT_FILE_0}\"\n";
			showEnvVarsInLog = 0;
		};
/* End PBXShellScriptBuildPhase section */

/* Begin PBXSourcesBuildPhase section */
		D30FC8FA20DF35D800201E74 /* Sources */ = {
			isa = PBXSourcesBuildPhase;
			buildActionMask = 2147483647;
			files = (
				D30FBEF3210380F3000DD221 /* PointLogOverviewController.swift in Sources */,
				D3912A6D219CE77B0002E7C7 /* HouseCompetitionOverviewTableViewController.swift in Sources */,
				AAF279FE2556360200D7028D /* SelectFloorsTableViewController.swift in Sources */,
				B56508BE22E3BBDB00AF7C97 /* SplashScreenViewController.swift in Sources */,
				D37E1D9C20FAAD8E00C1B05E /* SignUpViewController.swift in Sources */,
				D39D442D210E5CEB0030F424 /* LinkCodeViewController.swift in Sources */,
				B5AE2D4923DCA34F00B2323C /* FirebaseCollectionListener.swift in Sources */,
				D30FBEEF20FC0B13000DD221 /* ProfileView.swift in Sources */,
				D30FC90620DF35D800201E74 /* HouseProfileViewController.swift in Sources */,
				B5ED711324A7D7C400080A52 /* EventViewController.swift in Sources */,
				D3D062B920E7F75B00E8B3A3 /* Data.swift in Sources */,
				D3912A74219CE7960002E7C7 /* RECPointOptionTableViewController.swift in Sources */,
				B55449592176F11300A914C2 /* TextFieldMaxLengths.swift in Sources */,
				D3CC77CB210428B600B88F03 /* TabBarController.swift in Sources */,
				B50E6C9222F1202A00505AA3 /* MessageView.swift in Sources */,
				B5AE2D4B23DCA35D00B2323C /* FirebaseDocumentListener.swift in Sources */,
				D3912A73219CE7960002E7C7 /* RECPointCreationTableViewController.swift in Sources */,
				B5B7E98723D8CF5C00CE1866 /* HousePointsHistoryViewController.swift in Sources */,
				B52FD0CB22B849AC009682CB /* UserPointsTableViewController.swift in Sources */,
				B555F30F255229F1002D1151 /* LaundryMachineView.swift in Sources */,
				B5ED711924A7E73200080A52 /* ViewEventTableViewController.swift in Sources */,
				D3D062BD20E816AB00E8B3A3 /* User.swift in Sources */,
				B5ED711424A7D7C400080A52 /* EventTableViewCell.swift in Sources */,
				B5ED711224A7D7C400080A52 /* Event.swift in Sources */,
				D39D442B210E52690030F424 /* QRCodeGeneratorViewController.swift in Sources */,
				D3D062B720E7F73C00E8B3A3 /* DataManager.swift in Sources */,
				B599D98222F62F030033173C /* NotificationsViewController.swift in Sources */,
				B5D6AF5724FAE89B00CC5E86 /* LogoutView.swift in Sources */,
				D3912A7B219CE7A90002E7C7 /* RECRewardsTableViewController.swift in Sources */,
				D749F3782339A24B00410434 /* SuggestedPointsView.swift in Sources */,
				B5ED711624A7D7C400080A52 /* VerifyViewController.swift in Sources */,
				D39D4435210E748A0030F424 /* LinkCodesTableViewController.swift in Sources */,
				B53A88CA25A0F985009A0983 /* MachineInfoView.swift in Sources */,
				B5ED711524A7D7C400080A52 /* CreateEventTableViewController.swift in Sources */,
				D3CC77CE21052CEF00B88F03 /* AppUtils.swift in Sources */,
				D30FBEDF20FBCCA3000DD221 /* RHPApprovalTableViewController.swift in Sources */,
				AAAAC631251EDF0300C0E2C8 /* EventHostTableViewController.swift in Sources */,
				D345C96B20F3CC1B00ACDF39 /* FirebaseHelper.swift in Sources */,
				AA7A7F8B251182FA002BD54B /* EventTableViewHeaderFooterView.swift in Sources */,
				D3912A6B219CE77B0002E7C7 /* SubmitGrantedAwardViewController.swift in Sources */,
				B5AE2D4D23DCA68C00B2323C /* FirebaseListenerUtil.swift in Sources */,
				D33F43AA2106982100D3982D /* AnimatedLoadingViewController.swift in Sources */,
				D3CC77C92103EFED00B88F03 /* HousePointsCompareView.swift in Sources */,
				B5AE2D4723DCA07100B2323C /* FirebaseListener.swift in Sources */,
				D3912A6A219CE77B0002E7C7 /* HouseTableViewController.swift in Sources */,
				D3912A7A219CE7A90002E7C7 /* RECRewardCreationTableViewController.swift in Sources */,
				D3D062C720E82A6500E8B3A3 /* TypeSubmitViewController.swift in Sources */,
				AAF27A042556392900D7028D /* SelectedFloorsTableViewCell.swift in Sources */,
				D3CC77C52103D65A00B88F03 /* HousePointsView.swift in Sources */,
				D3D062C320E8219C00E8B3A3 /* LogInViewController.swift in Sources */,
				D30FC90220DF35D800201E74 /* AppDelegate.swift in Sources */,
				D33F43B1210AA00700D3982D /* PointDescriptionView.swift in Sources */,
				B53685D422DFD73700A0D0B5 /* HouseCodeViewController.swift in Sources */,
				B5D88D5723C39688007A19D0 /* TopScorersView.swift in Sources */,
				B5ED711724A7D7C400080A52 /* AddEventBarButton.swift in Sources */,
				D30FC90420DF35D800201E74 /* PointOptionViewController.swift in Sources */,
			);
			runOnlyForDeploymentPostprocessing = 0;
		};
		D36DFEB7220F2EF40062184C /* Sources */ = {
			isa = PBXSourcesBuildPhase;
			buildActionMask = 2147483647;
			files = (
				D3BCD38D224C65050041AB2D /* UITestSignUpPage.swift in Sources */,
				D3BCD397224C984E0041AB2D /* UITestRHPApprovalPage.swift in Sources */,
				D3CF6BDE2250264D00D97A0F /* UITestRHPHistoryPage.swift in Sources */,
				D3BCD383224BE5120041AB2D /* UITestPageBase.swift in Sources */,
				B52B713D2252F02600C46C11 /* UITestRECSystemPreferences.swift in Sources */,
				D3BCD387224C28910041AB2D /* UITestSignInPage.swift in Sources */,
				D3BCD391224C6F0C0041AB2D /* UITestHouseOverviewPage.swift in Sources */,
				D3CF6BE22250867E00D97A0F /* UITestQRCode.swift in Sources */,
				D3BCD395224C97E00041AB2D /* UITestSubmitPointsTablePage.swift in Sources */,
				D3BCD385224BE5760041AB2D /* UITestBase.swift in Sources */,
				D3BCD399224C98680041AB2D /* UITestRHPQRPage.swift in Sources */,
				D3CF6BDC224FF3EC00D97A0F /* UITestPointSubmission.swift in Sources */,
				D3BCD38F224C65330041AB2D /* UITestForgotPasswordPage.swift in Sources */,
				D3BCD38B224C2C900041AB2D /* UITestProfilePage.swift in Sources */,
				D3CF6BD4224FE88100D97A0F /* UITestPointSubmissionPage.swift in Sources */,
				D3BCD39B224CA0AD0041AB2D /* UITestRHPSubmitPointsTablePage.swift in Sources */,
				D3CF6BDA224FEF1B00D97A0F /* UITestRHPPointSubmissionPage.swift in Sources */,
				D3BCD393224C7A910041AB2D /* UITestRHPProfilePage.swift in Sources */,
			);
			runOnlyForDeploymentPostprocessing = 0;
		};
/* End PBXSourcesBuildPhase section */

/* Begin PBXTargetDependency section */
		D36DFEC1220F2EF40062184C /* PBXTargetDependency */ = {
			isa = PBXTargetDependency;
			target = D30FC8FD20DF35D800201E74 /* PurdueHCR */;
			targetProxy = D36DFEC0220F2EF40062184C /* PBXContainerItemProxy */;
		};
/* End PBXTargetDependency section */

/* Begin PBXVariantGroup section */
		D30FC90720DF35D800201E74 /* Main.storyboard */ = {
			isa = PBXVariantGroup;
			children = (
				D30FC90820DF35D800201E74 /* Base */,
			);
			name = Main.storyboard;
			sourceTree = "<group>";
		};
/* End PBXVariantGroup section */

/* Begin XCBuildConfiguration section */
		D30FC92620DF35D900201E74 /* Debug */ = {
			isa = XCBuildConfiguration;
			buildSettings = {
				ALWAYS_SEARCH_USER_PATHS = NO;
				CLANG_ANALYZER_NONNULL = YES;
				CLANG_ANALYZER_NUMBER_OBJECT_CONVERSION = YES_AGGRESSIVE;
				CLANG_CXX_LANGUAGE_STANDARD = "gnu++14";
				CLANG_CXX_LIBRARY = "libc++";
				CLANG_ENABLE_MODULES = YES;
				CLANG_ENABLE_OBJC_ARC = YES;
				CLANG_ENABLE_OBJC_WEAK = YES;
				CLANG_WARN_BLOCK_CAPTURE_AUTORELEASING = YES;
				CLANG_WARN_BOOL_CONVERSION = YES;
				CLANG_WARN_COMMA = YES;
				CLANG_WARN_CONSTANT_CONVERSION = YES;
				CLANG_WARN_DEPRECATED_OBJC_IMPLEMENTATIONS = YES;
				CLANG_WARN_DIRECT_OBJC_ISA_USAGE = YES_ERROR;
				CLANG_WARN_DOCUMENTATION_COMMENTS = YES;
				CLANG_WARN_EMPTY_BODY = YES;
				CLANG_WARN_ENUM_CONVERSION = YES;
				CLANG_WARN_INFINITE_RECURSION = YES;
				CLANG_WARN_INT_CONVERSION = YES;
				CLANG_WARN_NON_LITERAL_NULL_CONVERSION = YES;
				CLANG_WARN_OBJC_IMPLICIT_RETAIN_SELF = YES;
				CLANG_WARN_OBJC_LITERAL_CONVERSION = YES;
				CLANG_WARN_OBJC_ROOT_CLASS = YES_ERROR;
				CLANG_WARN_RANGE_LOOP_ANALYSIS = YES;
				CLANG_WARN_STRICT_PROTOTYPES = YES;
				CLANG_WARN_SUSPICIOUS_MOVE = YES;
				CLANG_WARN_UNGUARDED_AVAILABILITY = YES_AGGRESSIVE;
				CLANG_WARN_UNREACHABLE_CODE = YES;
				CLANG_WARN__DUPLICATE_METHOD_MATCH = YES;
				CODE_SIGN_IDENTITY = "iPhone Developer";
				COPY_PHASE_STRIP = NO;
				DEBUG_INFORMATION_FORMAT = dwarf;
				ENABLE_STRICT_OBJC_MSGSEND = YES;
				ENABLE_TESTABILITY = YES;
				GCC_C_LANGUAGE_STANDARD = gnu11;
				GCC_DYNAMIC_NO_PIC = NO;
				GCC_NO_COMMON_BLOCKS = YES;
				GCC_OPTIMIZATION_LEVEL = 0;
				GCC_PREPROCESSOR_DEFINITIONS = (
					"DEBUG=1",
					"$(inherited)",
				);
				GCC_WARN_64_TO_32_BIT_CONVERSION = YES;
				GCC_WARN_ABOUT_RETURN_TYPE = YES_ERROR;
				GCC_WARN_UNDECLARED_SELECTOR = YES;
				GCC_WARN_UNINITIALIZED_AUTOS = YES_AGGRESSIVE;
				GCC_WARN_UNUSED_FUNCTION = YES;
				GCC_WARN_UNUSED_VARIABLE = YES;
				IPHONEOS_DEPLOYMENT_TARGET = 11.4;
				MTL_ENABLE_DEBUG_INFO = YES;
				ONLY_ACTIVE_ARCH = YES;
				SDKROOT = iphoneos;
				SWIFT_ACTIVE_COMPILATION_CONDITIONS = DEBUG;
				SWIFT_OPTIMIZATION_LEVEL = "-Onone";
			};
			name = Debug;
		};
		D30FC92720DF35D900201E74 /* Release */ = {
			isa = XCBuildConfiguration;
			buildSettings = {
				ALWAYS_SEARCH_USER_PATHS = NO;
				CLANG_ANALYZER_NONNULL = YES;
				CLANG_ANALYZER_NUMBER_OBJECT_CONVERSION = YES_AGGRESSIVE;
				CLANG_CXX_LANGUAGE_STANDARD = "gnu++14";
				CLANG_CXX_LIBRARY = "libc++";
				CLANG_ENABLE_MODULES = YES;
				CLANG_ENABLE_OBJC_ARC = YES;
				CLANG_ENABLE_OBJC_WEAK = YES;
				CLANG_WARN_BLOCK_CAPTURE_AUTORELEASING = YES;
				CLANG_WARN_BOOL_CONVERSION = YES;
				CLANG_WARN_COMMA = YES;
				CLANG_WARN_CONSTANT_CONVERSION = YES;
				CLANG_WARN_DEPRECATED_OBJC_IMPLEMENTATIONS = YES;
				CLANG_WARN_DIRECT_OBJC_ISA_USAGE = YES_ERROR;
				CLANG_WARN_DOCUMENTATION_COMMENTS = YES;
				CLANG_WARN_EMPTY_BODY = YES;
				CLANG_WARN_ENUM_CONVERSION = YES;
				CLANG_WARN_INFINITE_RECURSION = YES;
				CLANG_WARN_INT_CONVERSION = YES;
				CLANG_WARN_NON_LITERAL_NULL_CONVERSION = YES;
				CLANG_WARN_OBJC_IMPLICIT_RETAIN_SELF = YES;
				CLANG_WARN_OBJC_LITERAL_CONVERSION = YES;
				CLANG_WARN_OBJC_ROOT_CLASS = YES_ERROR;
				CLANG_WARN_RANGE_LOOP_ANALYSIS = YES;
				CLANG_WARN_STRICT_PROTOTYPES = YES;
				CLANG_WARN_SUSPICIOUS_MOVE = YES;
				CLANG_WARN_UNGUARDED_AVAILABILITY = YES_AGGRESSIVE;
				CLANG_WARN_UNREACHABLE_CODE = YES;
				CLANG_WARN__DUPLICATE_METHOD_MATCH = YES;
				CODE_SIGN_IDENTITY = "iPhone Developer";
				COPY_PHASE_STRIP = NO;
				DEBUG_INFORMATION_FORMAT = "dwarf-with-dsym";
				ENABLE_NS_ASSERTIONS = NO;
				ENABLE_STRICT_OBJC_MSGSEND = YES;
				GCC_C_LANGUAGE_STANDARD = gnu11;
				GCC_NO_COMMON_BLOCKS = YES;
				GCC_WARN_64_TO_32_BIT_CONVERSION = YES;
				GCC_WARN_ABOUT_RETURN_TYPE = YES_ERROR;
				GCC_WARN_UNDECLARED_SELECTOR = YES;
				GCC_WARN_UNINITIALIZED_AUTOS = YES_AGGRESSIVE;
				GCC_WARN_UNUSED_FUNCTION = YES;
				GCC_WARN_UNUSED_VARIABLE = YES;
				IPHONEOS_DEPLOYMENT_TARGET = 11.4;
				MTL_ENABLE_DEBUG_INFO = NO;
				SDKROOT = iphoneos;
				SWIFT_COMPILATION_MODE = wholemodule;
				SWIFT_OPTIMIZATION_LEVEL = "-O";
				VALIDATE_PRODUCT = YES;
			};
			name = Release;
		};
		D30FC92920DF35D900201E74 /* Debug */ = {
			isa = XCBuildConfiguration;
			baseConfigurationReference = E2069A978FC04FB762BECDEB /* Pods-PurdueHCR.debug.xcconfig */;
			buildSettings = {
				ASSETCATALOG_COMPILER_APPICON_NAME = AppIcon;
				CODE_SIGN_ENTITLEMENTS = PurdueHCR/PurdueHCRDebug.entitlements;
				CODE_SIGN_STYLE = Automatic;
				CURRENT_PROJECT_VERSION = 1;
				DEVELOPMENT_TEAM = SLB9ULV5R2;
				INFOPLIST_FILE = PurdueHCR/Info.plist;
				IPHONEOS_DEPLOYMENT_TARGET = 11.0;
				LD_RUNPATH_SEARCH_PATHS = (
					"$(inherited)",
					"@executable_path/Frameworks",
				);
				MARKETING_VERSION = 1.8.3;
				PRODUCT_BUNDLE_IDENTIFIER = DecodeProgramming.HCRPoint;
				PRODUCT_NAME = "$(TARGET_NAME)";
				SWIFT_VERSION = 5.0;
				TARGETED_DEVICE_FAMILY = 1;
			};
			name = Debug;
		};
		D30FC92A20DF35D900201E74 /* Release */ = {
			isa = XCBuildConfiguration;
			baseConfigurationReference = AC46DC5DEBA94D842B2EC887 /* Pods-PurdueHCR.release.xcconfig */;
			buildSettings = {
				ASSETCATALOG_COMPILER_APPICON_NAME = AppIcon;
				CODE_SIGN_ENTITLEMENTS = PurdueHCR/PurdueHCRRelease.entitlements;
				CODE_SIGN_IDENTITY = "Apple Development";
				CODE_SIGN_STYLE = Automatic;
				CURRENT_PROJECT_VERSION = 1;
				DEVELOPMENT_TEAM = SLB9ULV5R2;
				INFOPLIST_FILE = PurdueHCR/Info.plist;
				IPHONEOS_DEPLOYMENT_TARGET = 11.0;
				LD_RUNPATH_SEARCH_PATHS = (
					"$(inherited)",
					"@executable_path/Frameworks",
				);
				MARKETING_VERSION = 1.8.3;
				PRODUCT_BUNDLE_IDENTIFIER = DecodeProgramming.HCRPoint;
				PRODUCT_NAME = "$(TARGET_NAME)";
				PROVISIONING_PROFILE_SPECIFIER = "";
				SWIFT_VERSION = 5.0;
				TARGETED_DEVICE_FAMILY = 1;
			};
			name = Release;
		};
		D36DFEC3220F2EF40062184C /* Debug */ = {
			isa = XCBuildConfiguration;
			baseConfigurationReference = 39366264BA748CDB712098B6 /* Pods-PurdueHCRUITests.debug.xcconfig */;
			buildSettings = {
				"CODE_SIGN_IDENTITY[sdk=macosx*]" = "Apple Development";
				CODE_SIGN_STYLE = Automatic;
				DEVELOPMENT_TEAM = 5N596YY333;
				INFOPLIST_FILE = PurdueHCRUITests/Info.plist;
				IPHONEOS_DEPLOYMENT_TARGET = 12.1;
				LD_RUNPATH_SEARCH_PATHS = (
					"$(inherited)",
					"@executable_path/Frameworks",
					"@loader_path/Frameworks",
				);
				MTL_ENABLE_DEBUG_INFO = INCLUDE_SOURCE;
				MTL_FAST_MATH = YES;
				PRODUCT_BUNDLE_IDENTIFIER = com.PurdueHCR.PurdueHCRUITests;
				PRODUCT_NAME = "$(TARGET_NAME)";
				SWIFT_VERSION = 5.0;
				TARGETED_DEVICE_FAMILY = "1,2";
				TEST_TARGET_NAME = PurdueHCR;
			};
			name = Debug;
		};
		D36DFEC4220F2EF40062184C /* Release */ = {
			isa = XCBuildConfiguration;
			baseConfigurationReference = 2F1172101702388B6147D7A8 /* Pods-PurdueHCRUITests.release.xcconfig */;
			buildSettings = {
				"CODE_SIGN_IDENTITY[sdk=macosx*]" = "Apple Development";
				CODE_SIGN_STYLE = Automatic;
				DEVELOPMENT_TEAM = 5N596YY333;
				INFOPLIST_FILE = PurdueHCRUITests/Info.plist;
				IPHONEOS_DEPLOYMENT_TARGET = 12.1;
				LD_RUNPATH_SEARCH_PATHS = (
					"$(inherited)",
					"@executable_path/Frameworks",
					"@loader_path/Frameworks",
				);
				MTL_FAST_MATH = YES;
				PRODUCT_BUNDLE_IDENTIFIER = com.PurdueHCR.PurdueHCRUITests;
				PRODUCT_NAME = "$(TARGET_NAME)";
				SWIFT_VERSION = 5.0;
				TARGETED_DEVICE_FAMILY = "1,2";
				TEST_TARGET_NAME = PurdueHCR;
			};
			name = Release;
		};
/* End XCBuildConfiguration section */

/* Begin XCConfigurationList section */
		D30FC8F920DF35D700201E74 /* Build configuration list for PBXProject "PurdueHCR" */ = {
			isa = XCConfigurationList;
			buildConfigurations = (
				D30FC92620DF35D900201E74 /* Debug */,
				D30FC92720DF35D900201E74 /* Release */,
			);
			defaultConfigurationIsVisible = 0;
			defaultConfigurationName = Release;
		};
		D30FC92820DF35D900201E74 /* Build configuration list for PBXNativeTarget "PurdueHCR" */ = {
			isa = XCConfigurationList;
			buildConfigurations = (
				D30FC92920DF35D900201E74 /* Debug */,
				D30FC92A20DF35D900201E74 /* Release */,
			);
			defaultConfigurationIsVisible = 0;
			defaultConfigurationName = Release;
		};
		D36DFEC2220F2EF40062184C /* Build configuration list for PBXNativeTarget "PurdueHCRUITests" */ = {
			isa = XCConfigurationList;
			buildConfigurations = (
				D36DFEC3220F2EF40062184C /* Debug */,
				D36DFEC4220F2EF40062184C /* Release */,
			);
			defaultConfigurationIsVisible = 0;
			defaultConfigurationName = Release;
		};
/* End XCConfigurationList section */
	};
	rootObject = D30FC8F620DF35D700201E74 /* Project object */;
}
